// !$*UTF8*$!
{
	archiveVersion = 1;
	classes = {
	};
	objectVersion = 56;
	objects = {

/* Begin PBXBuildFile section */
		C0E19C4F2B10BE5C0046BC19 /* AppDelegate.swift in Sources */ = {isa = PBXBuildFile; fileRef = C0E19C4E2B10BE5C0046BC19 /* AppDelegate.swift */; };
		C0E19C512B10BE5C0046BC19 /* SceneDelegate.swift in Sources */ = {isa = PBXBuildFile; fileRef = C0E19C502B10BE5C0046BC19 /* SceneDelegate.swift */; };
		C0E19C532B10BE5C0046BC19 /* ViewController.swift in Sources */ = {isa = PBXBuildFile; fileRef = C0E19C522B10BE5C0046BC19 /* ViewController.swift */; };
		C0E19C562B10BE5C0046BC19 /* Main.storyboard in Resources */ = {isa = PBXBuildFile; fileRef = C0E19C542B10BE5C0046BC19 /* Main.storyboard */; };
		C0E19C582B10BE5D0046BC19 /* Assets.xcassets in Resources */ = {isa = PBXBuildFile; fileRef = C0E19C572B10BE5D0046BC19 /* Assets.xcassets */; };
		C0E19C5B2B10BE5D0046BC19 /* LaunchScreen.storyboard in Resources */ = {isa = PBXBuildFile; fileRef = C0E19C592B10BE5D0046BC19 /* LaunchScreen.storyboard */; };
		C0E19C632B10BFC00046BC19 /* DetailsVC.swift in Sources */ = {isa = PBXBuildFile; fileRef = C0E19C622B10BFC00046BC19 /* DetailsVC.swift */; };
		C0E19C892B10C7800046BC19 /* ArtbookdataModel.xcdatamodeld in Sources */ = {isa = PBXBuildFile; fileRef = C0E19C872B10C7800046BC19 /* ArtbookdataModel.xcdatamodeld */; };
/* End PBXBuildFile section */

/* Begin PBXFileReference section */
		C0E19C4B2B10BE5C0046BC19 /* ArtbookProject.app */ = {isa = PBXFileReference; explicitFileType = wrapper.application; includeInIndex = 0; path = ArtbookProject.app; sourceTree = BUILT_PRODUCTS_DIR; };
		C0E19C4E2B10BE5C0046BC19 /* AppDelegate.swift */ = {isa = PBXFileReference; lastKnownFileType = sourcecode.swift; path = AppDelegate.swift; sourceTree = "<group>"; };
		C0E19C502B10BE5C0046BC19 /* SceneDelegate.swift */ = {isa = PBXFileReference; lastKnownFileType = sourcecode.swift; path = SceneDelegate.swift; sourceTree = "<group>"; };
		C0E19C522B10BE5C0046BC19 /* ViewController.swift */ = {isa = PBXFileReference; lastKnownFileType = sourcecode.swift; path = ViewController.swift; sourceTree = "<group>"; };
		C0E19C552B10BE5C0046BC19 /* Base */ = {isa = PBXFileReference; lastKnownFileType = file.storyboard; name = Base; path = Base.lproj/Main.storyboard; sourceTree = "<group>"; };
		C0E19C572B10BE5D0046BC19 /* Assets.xcassets */ = {isa = PBXFileReference; lastKnownFileType = folder.assetcatalog; path = Assets.xcassets; sourceTree = "<group>"; };
		C0E19C5A2B10BE5D0046BC19 /* Base */ = {isa = PBXFileReference; lastKnownFileType = file.storyboard; name = Base; path = Base.lproj/LaunchScreen.storyboard; sourceTree = "<group>"; };
		C0E19C5C2B10BE5D0046BC19 /* Info.plist */ = {isa = PBXFileReference; lastKnownFileType = text.plist.xml; path = Info.plist; sourceTree = "<group>"; };
		C0E19C622B10BFC00046BC19 /* DetailsVC.swift */ = {isa = PBXFileReference; lastKnownFileType = sourcecode.swift; path = DetailsVC.swift; sourceTree = "<group>"; };
		C0E19C882B10C7800046BC19 /* ArtbookdataModel.xcdatamodel */ = {isa = PBXFileReference; lastKnownFileType = wrapper.xcdatamodel; path = ArtbookdataModel.xcdatamodel; sourceTree = "<group>"; };
/* End PBXFileReference section */

/* Begin PBXFrameworksBuildPhase section */
		C0E19C482B10BE5C0046BC19 /* Frameworks */ = {
			isa = PBXFrameworksBuildPhase;
			buildActionMask = 2147483647;
			files = (
			);
			runOnlyForDeploymentPostprocessing = 0;
		};
/* End PBXFrameworksBuildPhase section */

/* Begin PBXGroup section */
		C0E19C422B10BE5C0046BC19 = {
			isa = PBXGroup;
			children = (
				C0E19C4D2B10BE5C0046BC19 /* ArtbookProject */,
				C0E19C4C2B10BE5C0046BC19 /* Products */,
			);
			sourceTree = "<group>";
		};
		C0E19C4C2B10BE5C0046BC19 /* Products */ = {
			isa = PBXGroup;
			children = (
				C0E19C4B2B10BE5C0046BC19 /* ArtbookProject.app */,
			);
			name = Products;
			sourceTree = "<group>";
		};
		C0E19C4D2B10BE5C0046BC19 /* ArtbookProject */ = {
			isa = PBXGroup;
			children = (
				C0E19C4E2B10BE5C0046BC19 /* AppDelegate.swift */,
				C0E19C502B10BE5C0046BC19 /* SceneDelegate.swift */,
				C0E19C522B10BE5C0046BC19 /* ViewController.swift */,
				C0E19C542B10BE5C0046BC19 /* Main.storyboard */,
				C0E19C572B10BE5D0046BC19 /* Assets.xcassets */,
				C0E19C592B10BE5D0046BC19 /* LaunchScreen.storyboard */,
				C0E19C5C2B10BE5D0046BC19 /* Info.plist */,
				C0E19C622B10BFC00046BC19 /* DetailsVC.swift */,
				C0E19C872B10C7800046BC19 /* ArtbookdataModel.xcdatamodeld */,
			);
			path = ArtbookProject;
			sourceTree = "<group>";
		};
/* End PBXGroup section */

/* Begin PBXNativeTarget section */
		C0E19C4A2B10BE5C0046BC19 /* ArtbookProject */ = {
			isa = PBXNativeTarget;
			buildConfigurationList = C0E19C5F2B10BE5D0046BC19 /* Build configuration list for PBXNativeTarget "ArtbookProject" */;
			buildPhases = (
				C0E19C472B10BE5C0046BC19 /* Sources */,
				C0E19C482B10BE5C0046BC19 /* Frameworks */,
				C0E19C492B10BE5C0046BC19 /* Resources */,
			);
			buildRules = (
			);
			dependencies = (
			);
			name = ArtbookProject;
			productName = ArtbookProject;
			productReference = C0E19C4B2B10BE5C0046BC19 /* ArtbookProject.app */;
			productType = "com.apple.product-type.application";
		};
/* End PBXNativeTarget section */

/* Begin PBXProject section */
		C0E19C432B10BE5C0046BC19 /* Project object */ = {
			isa = PBXProject;
			attributes = {
				BuildIndependentTargetsInParallel = 1;
				LastSwiftUpdateCheck = 1500;
				LastUpgradeCheck = 1500;
				TargetAttributes = {
					C0E19C4A2B10BE5C0046BC19 = {
						CreatedOnToolsVersion = 15.0.1;
					};
				};
			};
			buildConfigurationList = C0E19C462B10BE5C0046BC19 /* Build configuration list for PBXProject "ArtbookProject" */;
			compatibilityVersion = "Xcode 14.0";
			developmentRegion = en;
			hasScannedForEncodings = 0;
			knownRegions = (
				en,
				Base,
			);
			mainGroup = C0E19C422B10BE5C0046BC19;
			productRefGroup = C0E19C4C2B10BE5C0046BC19 /* Products */;
			projectDirPath = "";
			projectRoot = "";
			targets = (
				C0E19C4A2B10BE5C0046BC19 /* ArtbookProject */,
			);
		};
/* End PBXProject section */

/* Begin PBXResourcesBuildPhase section */
		C0E19C492B10BE5C0046BC19 /* Resources */ = {
			isa = PBXResourcesBuildPhase;
			buildActionMask = 2147483647;
			files = (
				C0E19C5B2B10BE5D0046BC19 /* LaunchScreen.storyboard in Resources */,
				C0E19C582B10BE5D0046BC19 /* Assets.xcassets in Resources */,
				C0E19C562B10BE5C0046BC19 /* Main.storyboard in Resources */,
			);
			runOnlyForDeploymentPostprocessing = 0;
		};
/* End PBXResourcesBuildPhase section */

/* Begin PBXSourcesBuildPhase section */
		C0E19C472B10BE5C0046BC19 /* Sources */ = {
			isa = PBXSourcesBuildPhase;
			buildActionMask = 2147483647;
			files = (
				C0E19C532B10BE5C0046BC19 /* ViewController.swift in Sources */,
				C0E19C632B10BFC00046BC19 /* DetailsVC.swift in Sources */,
				C0E19C4F2B10BE5C0046BC19 /* AppDelegate.swift in Sources */,
				C0E19C512B10BE5C0046BC19 /* SceneDelegate.swift in Sources */,
				C0E19C892B10C7800046BC19 /* ArtbookdataModel.xcdatamodeld in Sources */,
			);
			runOnlyForDeploymentPostprocessing = 0;
		};
/* End PBXSourcesBuildPhase section */

/* Begin PBXVariantGroup section */
		C0E19C542B10BE5C0046BC19 /* Main.storyboard */ = {
			isa = PBXVariantGroup;
			children = (
				C0E19C552B10BE5C0046BC19 /* Base */,
			);
			name = Main.storyboard;
			sourceTree = "<group>";
		};
		C0E19C592B10BE5D0046BC19 /* LaunchScreen.storyboard */ = {
			isa = PBXVariantGroup;
			children = (
				C0E19C5A2B10BE5D0046BC19 /* Base */,
			);
			name = LaunchScreen.storyboard;
			sourceTree = "<group>";
		};
/* End PBXVariantGroup section */

/* Begin XCBuildConfiguration section */
		C0E19C5D2B10BE5D0046BC19 /* Debug */ = {
			isa = XCBuildConfiguration;
			buildSettings = {
				ALWAYS_SEARCH_USER_PATHS = NO;
				ASSETCATALOG_COMPILER_GENERATE_SWIFT_ASSET_SYMBOL_EXTENSIONS = YES;
				CLANG_ANALYZER_NONNULL = YES;
				CLANG_ANALYZER_NUMBER_OBJECT_CONVERSION = YES_AGGRESSIVE;
				CLANG_CXX_LANGUAGE_STANDARD = "gnu++20";
				CLANG_ENABLE_MODULES = YES;
				CLANG_ENABLE_OBJC_ARC = YES;
				CLANG_ENABLE_OBJC_WEAK = YES;
				CLANG_WARN_BLOCK_CAPTURE_AUTORELEASING = YES;
				CLANG_WARN_BOOL_CONVERSION = YES;
				CLANG_WARN_COMMA = YES;
				CLANG_WARN_CONSTANT_CONVERSION = YES;
				CLANG_WARN_DEPRECATED_OBJC_IMPLEMENTATIONS = YES;
				CLANG_WARN_DIRECT_OBJC_ISA_USAGE = YES_ERROR;
				CLANG_WARN_DOCUMENTATION_COMMENTS = YES;
				CLANG_WARN_EMPTY_BODY = YES;
				CLANG_WARN_ENUM_CONVERSION = YES;
				CLANG_WARN_INFINITE_RECURSION = YES;
				CLANG_WARN_INT_CONVERSION = YES;
				CLANG_WARN_NON_LITERAL_NULL_CONVERSION = YES;
				CLANG_WARN_OBJC_IMPLICIT_RETAIN_SELF = YES;
				CLANG_WARN_OBJC_LITERAL_CONVERSION = YES;
				CLANG_WARN_OBJC_ROOT_CLASS = YES_ERROR;
				CLANG_WARN_QUOTED_INCLUDE_IN_FRAMEWORK_HEADER = YES;
				CLANG_WARN_RANGE_LOOP_ANALYSIS = YES;
				CLANG_WARN_STRICT_PROTOTYPES = YES;
				CLANG_WARN_SUSPICIOUS_MOVE = YES;
				CLANG_WARN_UNGUARDED_AVAILABILITY = YES_AGGRESSIVE;
				CLANG_WARN_UNREACHABLE_CODE = YES;
				CLANG_WARN__DUPLICATE_METHOD_MATCH = YES;
				COPY_PHASE_STRIP = NO;
				DEBUG_INFORMATION_FORMAT = dwarf;
				ENABLE_STRICT_OBJC_MSGSEND = YES;
				ENABLE_TESTABILITY = YES;
				ENABLE_USER_SCRIPT_SANDBOXING = YES;
				GCC_C_LANGUAGE_STANDARD = gnu17;
				GCC_DYNAMIC_NO_PIC = NO;
				GCC_NO_COMMON_BLOCKS = YES;
				GCC_OPTIMIZATION_LEVEL = 0;
				GCC_PREPROCESSOR_DEFINITIONS = (
					"DEBUG=1",
					"$(inherited)",
				);
				GCC_WARN_64_TO_32_BIT_CONVERSION = YES;
				GCC_WARN_ABOUT_RETURN_TYPE = YES_ERROR;
				GCC_WARN_UNDECLARED_SELECTOR = YES;
				GCC_WARN_UNINITIALIZED_AUTOS = YES_AGGRESSIVE;
				GCC_WARN_UNUSED_FUNCTION = YES;
				GCC_WARN_UNUSED_VARIABLE = YES;
				IPHONEOS_DEPLOYMENT_TARGET = 17.0;
				LOCALIZATION_PREFERS_STRING_CATALOGS = YES;
				MTL_ENABLE_DEBUG_INFO = INCLUDE_SOURCE;
				MTL_FAST_MATH = YES;
				ONLY_ACTIVE_ARCH = YES;
				SDKROOT = iphoneos;
				SWIFT_ACTIVE_COMPILATION_CONDITIONS = "DEBUG $(inherited)";
				SWIFT_OPTIMIZATION_LEVEL = "-Onone";
			};
			name = Debug;
		};
		C0E19C5E2B10BE5D0046BC19 /* Release */ = {
			isa = XCBuildConfiguration;
			buildSettings = {
				ALWAYS_SEARCH_USER_PATHS = NO;
				ASSETCATALOG_COMPILER_GENERATE_SWIFT_ASSET_SYMBOL_EXTENSIONS = YES;
				CLANG_ANALYZER_NONNULL = YES;
				CLANG_ANALYZER_NUMBER_OBJECT_CONVERSION = YES_AGGRESSIVE;
				CLANG_CXX_LANGUAGE_STANDARD = "gnu++20";
				CLANG_ENABLE_MODULES = YES;
				CLANG_ENABLE_OBJC_ARC = YES;
				CLANG_ENABLE_OBJC_WEAK = YES;
				CLANG_WARN_BLOCK_CAPTURE_AUTORELEASING = YES;
				CLANG_WARN_BOOL_CONVERSION = YES;
				CLANG_WARN_COMMA = YES;
				CLANG_WARN_CONSTANT_CONVERSION = YES;
				CLANG_WARN_DEPRECATED_OBJC_IMPLEMENTATIONS = YES;
				CLANG_WARN_DIRECT_OBJC_ISA_USAGE = YES_ERROR;
				CLANG_WARN_DOCUMENTATION_COMMENTS = YES;
				CLANG_WARN_EMPTY_BODY = YES;
				CLANG_WARN_ENUM_CONVERSION = YES;
				CLANG_WARN_INFINITE_RECURSION = YES;
				CLANG_WARN_INT_CONVERSION = YES;
				CLANG_WARN_NON_LITERAL_NULL_CONVERSION = YES;
				CLANG_WARN_OBJC_IMPLICIT_RETAIN_SELF = YES;
				CLANG_WARN_OBJC_LITERAL_CONVERSION = YES;
				CLANG_WARN_OBJC_ROOT_CLASS = YES_ERROR;
				CLANG_WARN_QUOTED_INCLUDE_IN_FRAMEWORK_HEADER = YES;
				CLANG_WARN_RANGE_LOOP_ANALYSIS = YES;
				CLANG_WARN_STRICT_PROTOTYPES = YES;
				CLANG_WARN_SUSPICIOUS_MOVE = YES;
				CLANG_WARN_UNGUARDED_AVAILABILITY = YES_AGGRESSIVE;
				CLANG_WARN_UNREACHABLE_CODE = YES;
				CLANG_WARN__DUPLICATE_METHOD_MATCH = YES;
				COPY_PHASE_STRIP = NO;
				DEBUG_INFORMATION_FORMAT = "dwarf-with-dsym";
				ENABLE_NS_ASSERTIONS = NO;
				ENABLE_STRICT_OBJC_MSGSEND = YES;
				ENABLE_USER_SCRIPT_SANDBOXING = YES;
				GCC_C_LANGUAGE_STANDARD = gnu17;
				GCC_NO_COMMON_BLOCKS = YES;
				GCC_WARN_64_TO_32_BIT_CONVERSION = YES;
				GCC_WARN_ABOUT_RETURN_TYPE = YES_ERROR;
				GCC_WARN_UNDECLARED_SELECTOR = YES;
				GCC_WARN_UNINITIALIZED_AUTOS = YES_AGGRESSIVE;
				GCC_WARN_UNUSED_FUNCTION = YES;
				GCC_WARN_UNUSED_VARIABLE = YES;
				IPHONEOS_DEPLOYMENT_TARGET = 17.0;
				LOCALIZATION_PREFERS_STRING_CATALOGS = YES;
				MTL_ENABLE_DEBUG_INFO = NO;
				MTL_FAST_MATH = YES;
				SDKROOT = iphoneos;
				SWIFT_COMPILATION_MODE = wholemodule;
				VALIDATE_PRODUCT = YES;
			};
			name = Release;
		};
		C0E19C602B10BE5D0046BC19 /* Debug */ = {
			isa = XCBuildConfiguration;
			buildSettings = {
				ASSETCATALOG_COMPILER_APPICON_NAME = AppIcon;
				ASSETCATALOG_COMPILER_GLOBAL_ACCENT_COLOR_NAME = AccentColor;
				CODE_SIGN_STYLE = Automatic;
				CURRENT_PROJECT_VERSION = 1;
				DEVELOPMENT_TEAM = 7UAX3JG94G;
				GENERATE_INFOPLIST_FILE = YES;
				INFOPLIST_FILE = ArtbookProject/Info.plist;
				INFOPLIST_KEY_UIApplicationSupportsIndirectInputEvents = YES;
				INFOPLIST_KEY_UILaunchStoryboardName = LaunchScreen;
				INFOPLIST_KEY_UIMainStoryboardFile = Main;
				INFOPLIST_KEY_UISupportedInterfaceOrientations_iPad = "UIInterfaceOrientationPortrait UIInterfaceOrientationPortraitUpsideDown UIInterfaceOrientationLandscapeLeft UIInterfaceOrientationLandscapeRight";
				INFOPLIST_KEY_UISupportedInterfaceOrientations_iPhone = "UIInterfaceOrientationPortrait UIInterfaceOrientationLandscapeLeft UIInterfaceOrientationLandscapeRight";
				LD_RUNPATH_SEARCH_PATHS = (
					"$(inherited)",
					"@executable_path/Frameworks",
				);
				MARKETING_VERSION = 1.0;
				PRODUCT_BUNDLE_IDENTIFIER = berk.ArtbookProject;
				PRODUCT_NAME = "$(TARGET_NAME)";
				SWIFT_EMIT_LOC_STRINGS = YES;
				SWIFT_VERSION = 5.0;
				TARGETED_DEVICE_FAMILY = "1,2";
			};
			name = Debug;
		};
		C0E19C612B10BE5D0046BC19 /* Release */ = {
			isa = XCBuildConfiguration;
			buildSettings = {
				ASSETCATALOG_COMPILER_APPICON_NAME = AppIcon;
				ASSETCATALOG_COMPILER_GLOBAL_ACCENT_COLOR_NAME = AccentColor;
				CODE_SIGN_STYLE = Automatic;
				CURRENT_PROJECT_VERSION = 1;
				DEVELOPMENT_TEAM = 7UAX3JG94G;
				GENERATE_INFOPLIST_FILE = YES;
				INFOPLIST_FILE = ArtbookProject/Info.plist;
				INFOPLIST_KEY_UIApplicationSupportsIndirectInputEvents = YES;
				INFOPLIST_KEY_UILaunchStoryboardName = LaunchScreen;
				INFOPLIST_KEY_UIMainStoryboardFile = Main;
				INFOPLIST_KEY_UISupportedInterfaceOrientations_iPad = "UIInterfaceOrientationPortrait UIInterfaceOrientationPortraitUpsideDown UIInterfaceOrientationLandscapeLeft UIInterfaceOrientationLandscapeRight";
				INFOPLIST_KEY_UISupportedInterfaceOrientations_iPhone = "UIInterfaceOrientationPortrait UIInterfaceOrientationLandscapeLeft UIInterfaceOrientationLandscapeRight";
				LD_RUNPATH_SEARCH_PATHS = (
					"$(inherited)",
					"@executable_path/Frameworks",
				);
				MARKETING_VERSION = 1.0;
				PRODUCT_BUNDLE_IDENTIFIER = berk.ArtbookProject;
				PRODUCT_NAME = "$(TARGET_NAME)";
				SWIFT_EMIT_LOC_STRINGS = YES;
				SWIFT_VERSION = 5.0;
				TARGETED_DEVICE_FAMILY = "1,2";
			};
			name = Release;
		};
/* End XCBuildConfiguration section */

/* Begin XCConfigurationList section */
		C0E19C462B10BE5C0046BC19 /* Build configuration list for PBXProject "ArtbookProject" */ = {
			isa = XCConfigurationList;
			buildConfigurations = (
				C0E19C5D2B10BE5D0046BC19 /* Debug */,
				C0E19C5E2B10BE5D0046BC19 /* Release */,
			);
			defaultConfigurationIsVisible = 0;
			defaultConfigurationName = Release;
		};
		C0E19C5F2B10BE5D0046BC19 /* Build configuration list for PBXNativeTarget "ArtbookProject" */ = {
			isa = XCConfigurationList;
			buildConfigurations = (
				C0E19C602B10BE5D0046BC19 /* Debug */,
				C0E19C612B10BE5D0046BC19 /* Release */,
			);
			defaultConfigurationIsVisible = 0;
			defaultConfigurationName = Release;
		};
/* End XCConfigurationList section */

/* Begin XCVersionGroup section */
		C0E19C872B10C7800046BC19 /* ArtbookdataModel.xcdatamodeld */ = {
			isa = XCVersionGroup;
			children = (
				C0E19C882B10C7800046BC19 /* ArtbookdataModel.xcdatamodel */,
			);
			currentVersion = C0E19C882B10C7800046BC19 /* ArtbookdataModel.xcdatamodel */;
			path = ArtbookdataModel.xcdatamodeld;
			sourceTree = "<group>";
			versionGroupType = wrapper.xcdatamodel;
		};
/* End XCVersionGroup section */
	};
	rootObject = C0E19C432B10BE5C0046BC19 /* Project object */;
}
