// !$*UTF8*$!
{
	archiveVersion = 1;
	classes = {
	};
	objectVersion = 56;
	objects = {

/* Begin PBXBuildFile section */
		C06380FE2B0B9BF2001BC5FC /* AppDelegate.swift in Sources */ = {isa = PBXBuildFile; fileRef = C06380FD2B0B9BF2001BC5FC /* AppDelegate.swift */; };
		C06381002B0B9BF2001BC5FC /* SceneDelegate.swift in Sources */ = {isa = PBXBuildFile; fileRef = C06380FF2B0B9BF2001BC5FC /* SceneDelegate.swift */; };
		C06381022B0B9BF2001BC5FC /* ViewController.swift in Sources */ = {isa = PBXBuildFile; fileRef = C06381012B0B9BF2001BC5FC /* ViewController.swift */; };
		C06381072B0B9BF4001BC5FC /* Assets.xcassets in Resources */ = {isa = PBXBuildFile; fileRef = C06381062B0B9BF4001BC5FC /* Assets.xcassets */; };
		C063810A2B0B9BF4001BC5FC /* LaunchScreen.storyboard in Resources */ = {isa = PBXBuildFile; fileRef = C06381082B0B9BF4001BC5FC /* LaunchScreen.storyboard */; };
		C09196812D660A3A00B78BCB /* SearchViewController.swift in Sources */ = {isa = PBXBuildFile; fileRef = C09196802D660A3A00B78BCB /* SearchViewController.swift */; };
		C09196862D69E77C00B78BCB /* ScrollViewOneController.swift in Sources */ = {isa = PBXBuildFile; fileRef = C09196852D69E77C00B78BCB /* ScrollViewOneController.swift */; };
		C09196892D6A001B00B78BCB /* ScrollViewTwoController.swift in Sources */ = {isa = PBXBuildFile; fileRef = C09196882D6A001B00B78BCB /* ScrollViewTwoController.swift */; };
		C091968C2D6A29B100B78BCB /* AutoLayoutController.swift in Sources */ = {isa = PBXBuildFile; fileRef = C091968B2D6A29B100B78BCB /* AutoLayoutController.swift */; };
		C09196932D6CBC7200B78BCB /* SegmentedControlViewController.swift in Sources */ = {isa = PBXBuildFile; fileRef = C09196922D6CBC7200B78BCB /* SegmentedControlViewController.swift */; };
		C09196962D6CC90B00B78BCB /* OnboardingScreenViewController.swift in Sources */ = {isa = PBXBuildFile; fileRef = C09196952D6CC90B00B78BCB /* OnboardingScreenViewController.swift */; };
		C09196982D6D0CF000B78BCB /* SwippingController.swift in Sources */ = {isa = PBXBuildFile; fileRef = C09196972D6D0CF000B78BCB /* SwippingController.swift */; };
		C091969A2D6E318D00B78BCB /* PageCollectionViewCell.swift in Sources */ = {isa = PBXBuildFile; fileRef = C09196992D6E318D00B78BCB /* PageCollectionViewCell.swift */; };
		C091969C2D6E37F000B78BCB /* Page.swift in Sources */ = {isa = PBXBuildFile; fileRef = C091969B2D6E37F000B78BCB /* Page.swift */; };
		C091969F2D70790700B78BCB /* UserProfileProgrammatically.swift in Sources */ = {isa = PBXBuildFile; fileRef = C091969E2D70790700B78BCB /* UserProfileProgrammatically.swift */; };
		C09196A22D70E4EB00B78BCB /* CollectionInstagramViewController.swift in Sources */ = {isa = PBXBuildFile; fileRef = C09196A12D70E4EB00B78BCB /* CollectionInstagramViewController.swift */; };
		C09196A42D70EC2D00B78BCB /* ProfileHaeader.swift in Sources */ = {isa = PBXBuildFile; fileRef = C09196A32D70EC2D00B78BCB /* ProfileHaeader.swift */; };
		C09196A62D70F42F00B78BCB /* ProfileCell.swift in Sources */ = {isa = PBXBuildFile; fileRef = C09196A52D70F42F00B78BCB /* ProfileCell.swift */; };
		C09196A92D7251AC00B78BCB /* SnapchatProfileViewController.swift in Sources */ = {isa = PBXBuildFile; fileRef = C09196A82D7251AC00B78BCB /* SnapchatProfileViewController.swift */; };
		C09819562B0BE9F500AB6199 /* CustomTextField.swift in Sources */ = {isa = PBXBuildFile; fileRef = C09819552B0BE9F500AB6199 /* CustomTextField.swift */; };
		C09819592B0BEBF900AB6199 /* View+ext.swift in Sources */ = {isa = PBXBuildFile; fileRef = C09819582B0BEBF900AB6199 /* View+ext.swift */; };
		C098195B2B0BF69300AB6199 /* HomePageVC.swift in Sources */ = {isa = PBXBuildFile; fileRef = C098195A2B0BF69300AB6199 /* HomePageVC.swift */; };
		C098195D2B0BFA0200AB6199 /* TableViewCell.swift in Sources */ = {isa = PBXBuildFile; fileRef = C098195C2B0BFA0200AB6199 /* TableViewCell.swift */; };
		C09819602B0BFAB800AB6199 /* Mock.swift in Sources */ = {isa = PBXBuildFile; fileRef = C098195F2B0BFAB800AB6199 /* Mock.swift */; };
/* End PBXBuildFile section */

/* Begin PBXFileReference section */
		C06380FA2B0B9BF2001BC5FC /* ProgrammaticUILearn.app */ = {isa = PBXFileReference; explicitFileType = wrapper.application; includeInIndex = 0; path = ProgrammaticUILearn.app; sourceTree = BUILT_PRODUCTS_DIR; };
		C06380FD2B0B9BF2001BC5FC /* AppDelegate.swift */ = {isa = PBXFileReference; lastKnownFileType = sourcecode.swift; path = AppDelegate.swift; sourceTree = "<group>"; };
		C06380FF2B0B9BF2001BC5FC /* SceneDelegate.swift */ = {isa = PBXFileReference; lastKnownFileType = sourcecode.swift; path = SceneDelegate.swift; sourceTree = "<group>"; };
		C06381012B0B9BF2001BC5FC /* ViewController.swift */ = {isa = PBXFileReference; lastKnownFileType = sourcecode.swift; path = ViewController.swift; sourceTree = "<group>"; };
		C06381062B0B9BF4001BC5FC /* Assets.xcassets */ = {isa = PBXFileReference; lastKnownFileType = folder.assetcatalog; path = Assets.xcassets; sourceTree = "<group>"; };
		C06381092B0B9BF4001BC5FC /* Base */ = {isa = PBXFileReference; lastKnownFileType = file.storyboard; name = Base; path = Base.lproj/LaunchScreen.storyboard; sourceTree = "<group>"; };
		C063810B2B0B9BF4001BC5FC /* Info.plist */ = {isa = PBXFileReference; lastKnownFileType = text.plist.xml; path = Info.plist; sourceTree = "<group>"; };
		C09196802D660A3A00B78BCB /* SearchViewController.swift */ = {isa = PBXFileReference; lastKnownFileType = sourcecode.swift; path = SearchViewController.swift; sourceTree = "<group>"; };
		C09196852D69E77C00B78BCB /* ScrollViewOneController.swift */ = {isa = PBXFileReference; lastKnownFileType = sourcecode.swift; path = ScrollViewOneController.swift; sourceTree = "<group>"; };
		C09196882D6A001B00B78BCB /* ScrollViewTwoController.swift */ = {isa = PBXFileReference; lastKnownFileType = sourcecode.swift; path = ScrollViewTwoController.swift; sourceTree = "<group>"; };
		C091968B2D6A29B100B78BCB /* AutoLayoutController.swift */ = {isa = PBXFileReference; lastKnownFileType = sourcecode.swift; path = AutoLayoutController.swift; sourceTree = "<group>"; };
		C09196922D6CBC7200B78BCB /* SegmentedControlViewController.swift */ = {isa = PBXFileReference; lastKnownFileType = sourcecode.swift; path = SegmentedControlViewController.swift; sourceTree = "<group>"; };
		C09196952D6CC90B00B78BCB /* OnboardingScreenViewController.swift */ = {isa = PBXFileReference; lastKnownFileType = sourcecode.swift; path = OnboardingScreenViewController.swift; sourceTree = "<group>"; };
		C09196972D6D0CF000B78BCB /* SwippingController.swift */ = {isa = PBXFileReference; lastKnownFileType = sourcecode.swift; path = SwippingController.swift; sourceTree = "<group>"; };
		C09196992D6E318D00B78BCB /* PageCollectionViewCell.swift */ = {isa = PBXFileReference; lastKnownFileType = sourcecode.swift; path = PageCollectionViewCell.swift; sourceTree = "<group>"; };
		C091969B2D6E37F000B78BCB /* Page.swift */ = {isa = PBXFileReference; lastKnownFileType = sourcecode.swift; path = Page.swift; sourceTree = "<group>"; };
		C091969E2D70790700B78BCB /* UserProfileProgrammatically.swift */ = {isa = PBXFileReference; lastKnownFileType = sourcecode.swift; path = UserProfileProgrammatically.swift; sourceTree = "<group>"; };
		C09196A12D70E4EB00B78BCB /* CollectionInstagramViewController.swift */ = {isa = PBXFileReference; lastKnownFileType = sourcecode.swift; path = CollectionInstagramViewController.swift; sourceTree = "<group>"; };
		C09196A32D70EC2D00B78BCB /* ProfileHaeader.swift */ = {isa = PBXFileReference; lastKnownFileType = sourcecode.swift; path = ProfileHaeader.swift; sourceTree = "<group>"; };
		C09196A52D70F42F00B78BCB /* ProfileCell.swift */ = {isa = PBXFileReference; lastKnownFileType = sourcecode.swift; path = ProfileCell.swift; sourceTree = "<group>"; };
		C09196A82D7251AC00B78BCB /* SnapchatProfileViewController.swift */ = {isa = PBXFileReference; lastKnownFileType = sourcecode.swift; path = SnapchatProfileViewController.swift; sourceTree = "<group>"; };
		C09819552B0BE9F500AB6199 /* CustomTextField.swift */ = {isa = PBXFileReference; lastKnownFileType = sourcecode.swift; path = CustomTextField.swift; sourceTree = "<group>"; };
		C09819582B0BEBF900AB6199 /* View+ext.swift */ = {isa = PBXFileReference; lastKnownFileType = sourcecode.swift; path = "View+ext.swift"; sourceTree = "<group>"; };
		C098195A2B0BF69300AB6199 /* HomePageVC.swift */ = {isa = PBXFileReference; lastKnownFileType = sourcecode.swift; path = HomePageVC.swift; sourceTree = "<group>"; };
		C098195C2B0BFA0200AB6199 /* TableViewCell.swift */ = {isa = PBXFileReference; lastKnownFileType = sourcecode.swift; path = TableViewCell.swift; sourceTree = "<group>"; };
		C098195F2B0BFAB800AB6199 /* Mock.swift */ = {isa = PBXFileReference; lastKnownFileType = sourcecode.swift; path = Mock.swift; sourceTree = "<group>"; };
/* End PBXFileReference section */

/* Begin PBXFrameworksBuildPhase section */
		C06380F72B0B9BF2001BC5FC /* Frameworks */ = {
			isa = PBXFrameworksBuildPhase;
			buildActionMask = 2147483647;
			files = (
			);
			runOnlyForDeploymentPostprocessing = 0;
		};
/* End PBXFrameworksBuildPhase section */

/* Begin PBXGroup section */
		C06380F12B0B9BF1001BC5FC = {
			isa = PBXGroup;
			children = (
				C06380FC2B0B9BF2001BC5FC /* ProgrammaticUILearn */,
				C06380FB2B0B9BF2001BC5FC /* Products */,
			);
			sourceTree = "<group>";
		};
		C06380FB2B0B9BF2001BC5FC /* Products */ = {
			isa = PBXGroup;
			children = (
				C06380FA2B0B9BF2001BC5FC /* ProgrammaticUILearn.app */,
			);
			name = Products;
			sourceTree = "<group>";
		};
		C06380FC2B0B9BF2001BC5FC /* ProgrammaticUILearn */ = {
			isa = PBXGroup;
			children = (
				C09196A72D7251A100B78BCB /* SnapchatProfileProgrammaticui */,
				C091969D2D7078E000B78BCB /* CollectionViewInstagram */,
				C09196942D6CC8FA00B78BCB /* OnboardingProgramatic */,
				C09196912D6CBC5800B78BCB /* UISegmentedControlProgramatic */,
				C091968A2D6A299E00B78BCB /* AutoLayoutConstraint */,
				C09196872D6A000D00B78BCB /* ScrollViewProgramaticTwo */,
				C09196842D69DAB800B78BCB /* ScrollViewProgramaticOne */,
				C091967F2D660A2800B78BCB /* SearchProgramatic */,
				C098195E2B0BFAA900AB6199 /* MockModel */,
				C09819572B0BEBB800AB6199 /* Extension */,
				C09819532B0BE9CC00AB6199 /* Views */,
				C06380FD2B0B9BF2001BC5FC /* AppDelegate.swift */,
				C06380FF2B0B9BF2001BC5FC /* SceneDelegate.swift */,
				C06381012B0B9BF2001BC5FC /* ViewController.swift */,
				C06381062B0B9BF4001BC5FC /* Assets.xcassets */,
				C06381082B0B9BF4001BC5FC /* LaunchScreen.storyboard */,
				C063810B2B0B9BF4001BC5FC /* Info.plist */,
				C098195A2B0BF69300AB6199 /* HomePageVC.swift */,
				C098195C2B0BFA0200AB6199 /* TableViewCell.swift */,
			);
			path = ProgrammaticUILearn;
			sourceTree = "<group>";
		};
		C091967F2D660A2800B78BCB /* SearchProgramatic */ = {
			isa = PBXGroup;
			children = (
				C09196802D660A3A00B78BCB /* SearchViewController.swift */,
			);
			path = SearchProgramatic;
			sourceTree = "<group>";
		};
		C09196842D69DAB800B78BCB /* ScrollViewProgramaticOne */ = {
			isa = PBXGroup;
			children = (
				C09196852D69E77C00B78BCB /* ScrollViewOneController.swift */,
			);
			path = ScrollViewProgramaticOne;
			sourceTree = "<group>";
		};
		C09196872D6A000D00B78BCB /* ScrollViewProgramaticTwo */ = {
			isa = PBXGroup;
			children = (
				C09196882D6A001B00B78BCB /* ScrollViewTwoController.swift */,
			);
			path = ScrollViewProgramaticTwo;
			sourceTree = "<group>";
		};
		C091968A2D6A299E00B78BCB /* AutoLayoutConstraint */ = {
			isa = PBXGroup;
			children = (
				C091968B2D6A29B100B78BCB /* AutoLayoutController.swift */,
			);
			path = AutoLayoutConstraint;
			sourceTree = "<group>";
		};
		C09196912D6CBC5800B78BCB /* UISegmentedControlProgramatic */ = {
			isa = PBXGroup;
			children = (
				C09196922D6CBC7200B78BCB /* SegmentedControlViewController.swift */,
			);
			path = UISegmentedControlProgramatic;
			sourceTree = "<group>";
		};
		C09196942D6CC8FA00B78BCB /* OnboardingProgramatic */ = {
			isa = PBXGroup;
			children = (
				C09196952D6CC90B00B78BCB /* OnboardingScreenViewController.swift */,
				C09196972D6D0CF000B78BCB /* SwippingController.swift */,
				C09196992D6E318D00B78BCB /* PageCollectionViewCell.swift */,
				C091969B2D6E37F000B78BCB /* Page.swift */,
			);
			path = OnboardingProgramatic;
			sourceTree = "<group>";
		};
		C091969D2D7078E000B78BCB /* CollectionViewInstagram */ = {
			isa = PBXGroup;
			children = (
				C09196A02D707B7F00B78BCB /* UserProfileProgrammatic */,
				C09196A12D70E4EB00B78BCB /* CollectionInstagramViewController.swift */,
				C09196A32D70EC2D00B78BCB /* ProfileHaeader.swift */,
				C09196A52D70F42F00B78BCB /* ProfileCell.swift */,
			);
			path = CollectionViewInstagram;
			sourceTree = "<group>";
		};
		C09196A02D707B7F00B78BCB /* UserProfileProgrammatic */ = {
			isa = PBXGroup;
			children = (
				C091969E2D70790700B78BCB /* UserProfileProgrammatically.swift */,
			);
			path = UserProfileProgrammatic;
			sourceTree = "<group>";
		};
		C09196A72D7251A100B78BCB /* SnapchatProfileProgrammaticui */ = {
			isa = PBXGroup;
			children = (
				C09196A82D7251AC00B78BCB /* SnapchatProfileViewController.swift */,
			);
			path = SnapchatProfileProgrammaticui;
			sourceTree = "<group>";
		};
		C09819532B0BE9CC00AB6199 /* Views */ = {
			isa = PBXGroup;
			children = (
				C09819542B0BE9D500AB6199 /* CustomField */,
			);
			path = Views;
			sourceTree = "<group>";
		};
		C09819542B0BE9D500AB6199 /* CustomField */ = {
			isa = PBXGroup;
			children = (
				C09819552B0BE9F500AB6199 /* CustomTextField.swift */,
			);
			path = CustomField;
			sourceTree = "<group>";
		};
		C09819572B0BEBB800AB6199 /* Extension */ = {
			isa = PBXGroup;
			children = (
				C09819582B0BEBF900AB6199 /* View+ext.swift */,
			);
			path = Extension;
			sourceTree = "<group>";
		};
		C098195E2B0BFAA900AB6199 /* MockModel */ = {
			isa = PBXGroup;
			children = (
				C098195F2B0BFAB800AB6199 /* Mock.swift */,
			);
			path = MockModel;
			sourceTree = "<group>";
		};
/* End PBXGroup section */

/* Begin PBXNativeTarget section */
		C06380F92B0B9BF2001BC5FC /* ProgrammaticUILearn */ = {
			isa = PBXNativeTarget;
			buildConfigurationList = C063810E2B0B9BF4001BC5FC /* Build configuration list for PBXNativeTarget "ProgrammaticUILearn" */;
			buildPhases = (
				C06380F62B0B9BF2001BC5FC /* Sources */,
				C06380F72B0B9BF2001BC5FC /* Frameworks */,
				C06380F82B0B9BF2001BC5FC /* Resources */,
			);
			buildRules = (
			);
			dependencies = (
			);
			name = ProgrammaticUILearn;
			productName = ProgrammaticUILearn;
			productReference = C06380FA2B0B9BF2001BC5FC /* ProgrammaticUILearn.app */;
			productType = "com.apple.product-type.application";
		};
/* End PBXNativeTarget section */

/* Begin PBXProject section */
		C06380F22B0B9BF1001BC5FC /* Project object */ = {
			isa = PBXProject;
			attributes = {
				BuildIndependentTargetsInParallel = 1;
				LastSwiftUpdateCheck = 1500;
				LastUpgradeCheck = 1500;
				TargetAttributes = {
					C06380F92B0B9BF2001BC5FC = {
						CreatedOnToolsVersion = 15.0.1;
					};
				};
			};
			buildConfigurationList = C06380F52B0B9BF1001BC5FC /* Build configuration list for PBXProject "ProgrammaticUILearn" */;
			compatibilityVersion = "Xcode 14.0";
			developmentRegion = en;
			hasScannedForEncodings = 0;
			knownRegions = (
				en,
				Base,
			);
			mainGroup = C06380F12B0B9BF1001BC5FC;
			productRefGroup = C06380FB2B0B9BF2001BC5FC /* Products */;
			projectDirPath = "";
			projectRoot = "";
			targets = (
				C06380F92B0B9BF2001BC5FC /* ProgrammaticUILearn */,
			);
		};
/* End PBXProject section */

/* Begin PBXResourcesBuildPhase section */
		C06380F82B0B9BF2001BC5FC /* Resources */ = {
			isa = PBXResourcesBuildPhase;
			buildActionMask = 2147483647;
			files = (
				C063810A2B0B9BF4001BC5FC /* LaunchScreen.storyboard in Resources */,
				C06381072B0B9BF4001BC5FC /* Assets.xcassets in Resources */,
			);
			runOnlyForDeploymentPostprocessing = 0;
		};
/* End PBXResourcesBuildPhase section */

/* Begin PBXSourcesBuildPhase section */
		C06380F62B0B9BF2001BC5FC /* Sources */ = {
			isa = PBXSourcesBuildPhase;
			buildActionMask = 2147483647;
			files = (
				C09819562B0BE9F500AB6199 /* CustomTextField.swift in Sources */,
				C09196932D6CBC7200B78BCB /* SegmentedControlViewController.swift in Sources */,
				C09196A42D70EC2D00B78BCB /* ProfileHaeader.swift in Sources */,
				C06381022B0B9BF2001BC5FC /* ViewController.swift in Sources */,
				C098195B2B0BF69300AB6199 /* HomePageVC.swift in Sources */,
				C09196812D660A3A00B78BCB /* SearchViewController.swift in Sources */,
				C09196A62D70F42F00B78BCB /* ProfileCell.swift in Sources */,
				C091969C2D6E37F000B78BCB /* Page.swift in Sources */,
				C09819592B0BEBF900AB6199 /* View+ext.swift in Sources */,
				C06380FE2B0B9BF2001BC5FC /* AppDelegate.swift in Sources */,
				C09196A22D70E4EB00B78BCB /* CollectionInstagramViewController.swift in Sources */,
				C09196962D6CC90B00B78BCB /* OnboardingScreenViewController.swift in Sources */,
				C098195D2B0BFA0200AB6199 /* TableViewCell.swift in Sources */,
				C06381002B0B9BF2001BC5FC /* SceneDelegate.swift in Sources */,
				C091969F2D70790700B78BCB /* UserProfileProgrammatically.swift in Sources */,
				C09196982D6D0CF000B78BCB /* SwippingController.swift in Sources */,
				C091969A2D6E318D00B78BCB /* PageCollectionViewCell.swift in Sources */,
				C091968C2D6A29B100B78BCB /* AutoLayoutController.swift in Sources */,
				C09196862D69E77C00B78BCB /* ScrollViewOneController.swift in Sources */,
				C09819602B0BFAB800AB6199 /* Mock.swift in Sources */,
				C09196A92D7251AC00B78BCB /* SnapchatProfileViewController.swift in Sources */,
				C09196892D6A001B00B78BCB /* ScrollViewTwoController.swift in Sources */,
			);
			runOnlyForDeploymentPostprocessing = 0;
		};
/* End PBXSourcesBuildPhase section */

/* Begin PBXVariantGroup section */
		C06381082B0B9BF4001BC5FC /* LaunchScreen.storyboard */ = {
			isa = PBXVariantGroup;
			children = (
				C06381092B0B9BF4001BC5FC /* Base */,
			);
			name = LaunchScreen.storyboard;
			sourceTree = "<group>";
		};
/* End PBXVariantGroup section */

/* Begin XCBuildConfiguration section */
		C063810C2B0B9BF4001BC5FC /* Debug */ = {
			isa = XCBuildConfiguration;
			buildSettings = {
				ALWAYS_SEARCH_USER_PATHS = NO;
				ASSETCATALOG_COMPILER_GENERATE_SWIFT_ASSET_SYMBOL_EXTENSIONS = YES;
				CLANG_ANALYZER_NONNULL = YES;
				CLANG_ANALYZER_NUMBER_OBJECT_CONVERSION = YES_AGGRESSIVE;
				CLANG_CXX_LANGUAGE_STANDARD = "gnu++20";
				CLANG_ENABLE_MODULES = YES;
				CLANG_ENABLE_OBJC_ARC = YES;
				CLANG_ENABLE_OBJC_WEAK = YES;
				CLANG_WARN_BLOCK_CAPTURE_AUTORELEASING = YES;
				CLANG_WARN_BOOL_CONVERSION = YES;
				CLANG_WARN_COMMA = YES;
				CLANG_WARN_CONSTANT_CONVERSION = YES;
				CLANG_WARN_DEPRECATED_OBJC_IMPLEMENTATIONS = YES;
				CLANG_WARN_DIRECT_OBJC_ISA_USAGE = YES_ERROR;
				CLANG_WARN_DOCUMENTATION_COMMENTS = YES;
				CLANG_WARN_EMPTY_BODY = YES;
				CLANG_WARN_ENUM_CONVERSION = YES;
				CLANG_WARN_INFINITE_RECURSION = YES;
				CLANG_WARN_INT_CONVERSION = YES;
				CLANG_WARN_NON_LITERAL_NULL_CONVERSION = YES;
				CLANG_WARN_OBJC_IMPLICIT_RETAIN_SELF = YES;
				CLANG_WARN_OBJC_LITERAL_CONVERSION = YES;
				CLANG_WARN_OBJC_ROOT_CLASS = YES_ERROR;
				CLANG_WARN_QUOTED_INCLUDE_IN_FRAMEWORK_HEADER = YES;
				CLANG_WARN_RANGE_LOOP_ANALYSIS = YES;
				CLANG_WARN_STRICT_PROTOTYPES = YES;
				CLANG_WARN_SUSPICIOUS_MOVE = YES;
				CLANG_WARN_UNGUARDED_AVAILABILITY = YES_AGGRESSIVE;
				CLANG_WARN_UNREACHABLE_CODE = YES;
				CLANG_WARN__DUPLICATE_METHOD_MATCH = YES;
				COPY_PHASE_STRIP = NO;
				DEBUG_INFORMATION_FORMAT = dwarf;
				ENABLE_STRICT_OBJC_MSGSEND = YES;
				ENABLE_TESTABILITY = YES;
				ENABLE_USER_SCRIPT_SANDBOXING = YES;
				GCC_C_LANGUAGE_STANDARD = gnu17;
				GCC_DYNAMIC_NO_PIC = NO;
				GCC_NO_COMMON_BLOCKS = YES;
				GCC_OPTIMIZATION_LEVEL = 0;
				GCC_PREPROCESSOR_DEFINITIONS = (
					"DEBUG=1",
					"$(inherited)",
				);
				GCC_WARN_64_TO_32_BIT_CONVERSION = YES;
				GCC_WARN_ABOUT_RETURN_TYPE = YES_ERROR;
				GCC_WARN_UNDECLARED_SELECTOR = YES;
				GCC_WARN_UNINITIALIZED_AUTOS = YES_AGGRESSIVE;
				GCC_WARN_UNUSED_FUNCTION = YES;
				GCC_WARN_UNUSED_VARIABLE = YES;
				IPHONEOS_DEPLOYMENT_TARGET = 17.0;
				LOCALIZATION_PREFERS_STRING_CATALOGS = YES;
				MTL_ENABLE_DEBUG_INFO = INCLUDE_SOURCE;
				MTL_FAST_MATH = YES;
				ONLY_ACTIVE_ARCH = YES;
				SDKROOT = iphoneos;
				SWIFT_ACTIVE_COMPILATION_CONDITIONS = "DEBUG $(inherited)";
				SWIFT_OPTIMIZATION_LEVEL = "-Onone";
			};
			name = Debug;
		};
		C063810D2B0B9BF4001BC5FC /* Release */ = {
			isa = XCBuildConfiguration;
			buildSettings = {
				ALWAYS_SEARCH_USER_PATHS = NO;
				ASSETCATALOG_COMPILER_GENERATE_SWIFT_ASSET_SYMBOL_EXTENSIONS = YES;
				CLANG_ANALYZER_NONNULL = YES;
				CLANG_ANALYZER_NUMBER_OBJECT_CONVERSION = YES_AGGRESSIVE;
				CLANG_CXX_LANGUAGE_STANDARD = "gnu++20";
				CLANG_ENABLE_MODULES = YES;
				CLANG_ENABLE_OBJC_ARC = YES;
				CLANG_ENABLE_OBJC_WEAK = YES;
				CLANG_WARN_BLOCK_CAPTURE_AUTORELEASING = YES;
				CLANG_WARN_BOOL_CONVERSION = YES;
				CLANG_WARN_COMMA = YES;
				CLANG_WARN_CONSTANT_CONVERSION = YES;
				CLANG_WARN_DEPRECATED_OBJC_IMPLEMENTATIONS = YES;
				CLANG_WARN_DIRECT_OBJC_ISA_USAGE = YES_ERROR;
				CLANG_WARN_DOCUMENTATION_COMMENTS = YES;
				CLANG_WARN_EMPTY_BODY = YES;
				CLANG_WARN_ENUM_CONVERSION = YES;
				CLANG_WARN_INFINITE_RECURSION = YES;
				CLANG_WARN_INT_CONVERSION = YES;
				CLANG_WARN_NON_LITERAL_NULL_CONVERSION = YES;
				CLANG_WARN_OBJC_IMPLICIT_RETAIN_SELF = YES;
				CLANG_WARN_OBJC_LITERAL_CONVERSION = YES;
				CLANG_WARN_OBJC_ROOT_CLASS = YES_ERROR;
				CLANG_WARN_QUOTED_INCLUDE_IN_FRAMEWORK_HEADER = YES;
				CLANG_WARN_RANGE_LOOP_ANALYSIS = YES;
				CLANG_WARN_STRICT_PROTOTYPES = YES;
				CLANG_WARN_SUSPICIOUS_MOVE = YES;
				CLANG_WARN_UNGUARDED_AVAILABILITY = YES_AGGRESSIVE;
				CLANG_WARN_UNREACHABLE_CODE = YES;
				CLANG_WARN__DUPLICATE_METHOD_MATCH = YES;
				COPY_PHASE_STRIP = NO;
				DEBUG_INFORMATION_FORMAT = "dwarf-with-dsym";
				ENABLE_NS_ASSERTIONS = NO;
				ENABLE_STRICT_OBJC_MSGSEND = YES;
				ENABLE_USER_SCRIPT_SANDBOXING = YES;
				GCC_C_LANGUAGE_STANDARD = gnu17;
				GCC_NO_COMMON_BLOCKS = YES;
				GCC_WARN_64_TO_32_BIT_CONVERSION = YES;
				GCC_WARN_ABOUT_RETURN_TYPE = YES_ERROR;
				GCC_WARN_UNDECLARED_SELECTOR = YES;
				GCC_WARN_UNINITIALIZED_AUTOS = YES_AGGRESSIVE;
				GCC_WARN_UNUSED_FUNCTION = YES;
				GCC_WARN_UNUSED_VARIABLE = YES;
				IPHONEOS_DEPLOYMENT_TARGET = 17.0;
				LOCALIZATION_PREFERS_STRING_CATALOGS = YES;
				MTL_ENABLE_DEBUG_INFO = NO;
				MTL_FAST_MATH = YES;
				SDKROOT = iphoneos;
				SWIFT_COMPILATION_MODE = wholemodule;
				VALIDATE_PRODUCT = YES;
			};
			name = Release;
		};
		C063810F2B0B9BF4001BC5FC /* Debug */ = {
			isa = XCBuildConfiguration;
			buildSettings = {
				ASSETCATALOG_COMPILER_APPICON_NAME = AppIcon;
				ASSETCATALOG_COMPILER_GLOBAL_ACCENT_COLOR_NAME = AccentColor;
				CODE_SIGN_STYLE = Automatic;
				CURRENT_PROJECT_VERSION = 1;
				DEVELOPMENT_TEAM = 7UAX3JG94G;
				GENERATE_INFOPLIST_FILE = YES;
				INFOPLIST_FILE = ProgrammaticUILearn/Info.plist;
				INFOPLIST_KEY_UIApplicationSupportsIndirectInputEvents = YES;
				INFOPLIST_KEY_UILaunchStoryboardName = LaunchScreen;
				INFOPLIST_KEY_UISupportedInterfaceOrientations_iPad = "UIInterfaceOrientationPortrait UIInterfaceOrientationPortraitUpsideDown UIInterfaceOrientationLandscapeLeft UIInterfaceOrientationLandscapeRight";
				INFOPLIST_KEY_UISupportedInterfaceOrientations_iPhone = "UIInterfaceOrientationPortrait UIInterfaceOrientationLandscapeLeft UIInterfaceOrientationLandscapeRight";
				LD_RUNPATH_SEARCH_PATHS = (
					"$(inherited)",
					"@executable_path/Frameworks",
				);
				MARKETING_VERSION = 1.0;
				PRODUCT_BUNDLE_IDENTIFIER = berk.ProgrammaticUILearn;
				PRODUCT_NAME = "$(TARGET_NAME)";
				SWIFT_EMIT_LOC_STRINGS = YES;
				SWIFT_VERSION = 5.0;
				TARGETED_DEVICE_FAMILY = "1,2";
			};
			name = Debug;
		};
		C06381102B0B9BF4001BC5FC /* Release */ = {
			isa = XCBuildConfiguration;
			buildSettings = {
				ASSETCATALOG_COMPILER_APPICON_NAME = AppIcon;
				ASSETCATALOG_COMPILER_GLOBAL_ACCENT_COLOR_NAME = AccentColor;
				CODE_SIGN_STYLE = Automatic;
				CURRENT_PROJECT_VERSION = 1;
				DEVELOPMENT_TEAM = 7UAX3JG94G;
				GENERATE_INFOPLIST_FILE = YES;
				INFOPLIST_FILE = ProgrammaticUILearn/Info.plist;
				INFOPLIST_KEY_UIApplicationSupportsIndirectInputEvents = YES;
				INFOPLIST_KEY_UILaunchStoryboardName = LaunchScreen;
				INFOPLIST_KEY_UISupportedInterfaceOrientations_iPad = "UIInterfaceOrientationPortrait UIInterfaceOrientationPortraitUpsideDown UIInterfaceOrientationLandscapeLeft UIInterfaceOrientationLandscapeRight";
				INFOPLIST_KEY_UISupportedInterfaceOrientations_iPhone = "UIInterfaceOrientationPortrait UIInterfaceOrientationLandscapeLeft UIInterfaceOrientationLandscapeRight";
				LD_RUNPATH_SEARCH_PATHS = (
					"$(inherited)",
					"@executable_path/Frameworks",
				);
				MARKETING_VERSION = 1.0;
				PRODUCT_BUNDLE_IDENTIFIER = berk.ProgrammaticUILearn;
				PRODUCT_NAME = "$(TARGET_NAME)";
				SWIFT_EMIT_LOC_STRINGS = YES;
				SWIFT_VERSION = 5.0;
				TARGETED_DEVICE_FAMILY = "1,2";
			};
			name = Release;
		};
/* End XCBuildConfiguration section */

/* Begin XCConfigurationList section */
		C06380F52B0B9BF1001BC5FC /* Build configuration list for PBXProject "ProgrammaticUILearn" */ = {
			isa = XCConfigurationList;
			buildConfigurations = (
				C063810C2B0B9BF4001BC5FC /* Debug */,
				C063810D2B0B9BF4001BC5FC /* Release */,
			);
			defaultConfigurationIsVisible = 0;
			defaultConfigurationName = Release;
		};
		C063810E2B0B9BF4001BC5FC /* Build configuration list for PBXNativeTarget "ProgrammaticUILearn" */ = {
			isa = XCConfigurationList;
			buildConfigurations = (
				C063810F2B0B9BF4001BC5FC /* Debug */,
				C06381102B0B9BF4001BC5FC /* Release */,
			);
			defaultConfigurationIsVisible = 0;
			defaultConfigurationName = Release;
		};
/* End XCConfigurationList section */
	};
	rootObject = C06380F22B0B9BF1001BC5FC /* Project object */;
}
