// !$*UTF8*$!
{
	archiveVersion = 1;
	classes = {
	};
	objectVersion = 56;
	objects = {

/* Begin PBXBuildFile section */
		C0DE349B2D455B330071F89A /* AppDelegate.swift in Sources */ = {isa = PBXBuildFile; fileRef = C0DE349A2D455B330071F89A /* AppDelegate.swift */; };
		C0DE349D2D455B330071F89A /* SceneDelegate.swift in Sources */ = {isa = PBXBuildFile; fileRef = C0DE349C2D455B330071F89A /* SceneDelegate.swift */; };
		C0DE34A22D455B330071F89A /* Base in Resources */ = {isa = PBXBuildFile; fileRef = C0DE34A12D455B330071F89A /* Base */; };
		C0DE34A42D455B340071F89A /* Assets.xcassets in Resources */ = {isa = PBXBuildFile; fileRef = C0DE34A32D455B340071F89A /* Assets.xcassets */; };
		C0DE34A72D455B340071F89A /* Base in Resources */ = {isa = PBXBuildFile; fileRef = C0DE34A62D455B340071F89A /* Base */; };
		C0DE34B32D46516B0071F89A /* OnboardingViewController.swift in Sources */ = {isa = PBXBuildFile; fileRef = C0DE34B22D46516B0071F89A /* OnboardingViewController.swift */; };
		C0DE34B62D4653EA0071F89A /* UIView+Extension.swift in Sources */ = {isa = PBXBuildFile; fileRef = C0DE34B52D4653EA0071F89A /* UIView+Extension.swift */; };
		C0DE34B82D46566F0071F89A /* OnboardingSlide.swift in Sources */ = {isa = PBXBuildFile; fileRef = C0DE34B72D46566F0071F89A /* OnboardingSlide.swift */; };
		C0DE34BA2D4659D50071F89A /* OnboardingCollectionViewCell.swift in Sources */ = {isa = PBXBuildFile; fileRef = C0DE34B92D4659D50071F89A /* OnboardingCollectionViewCell.swift */; };
		C0DE34BD2D468A240071F89A /* HomeViewController.swift in Sources */ = {isa = PBXBuildFile; fileRef = C0DE34BC2D468A240071F89A /* HomeViewController.swift */; };
		C0DE34C22D468EE10071F89A /* CategoryCollectionViewCell.xib in Resources */ = {isa = PBXBuildFile; fileRef = C0DE34C12D468EE10071F89A /* CategoryCollectionViewCell.xib */; };
		C0DE34C32D468EE10071F89A /* CategoryCollectionViewCell.swift in Sources */ = {isa = PBXBuildFile; fileRef = C0DE34C02D468EE10071F89A /* CategoryCollectionViewCell.swift */; };
		C0DE34C52D4692E70071F89A /* DishCategory.swift in Sources */ = {isa = PBXBuildFile; fileRef = C0DE34C42D4692E70071F89A /* DishCategory.swift */; };
		C0DE34C82D4693630071F89A /* Kingfisher in Frameworks */ = {isa = PBXBuildFile; productRef = C0DE34C72D4693630071F89A /* Kingfisher */; };
		C0DE34CA2D4693B70071F89A /* String+Extension.swift in Sources */ = {isa = PBXBuildFile; fileRef = C0DE34C92D4693B70071F89A /* String+Extension.swift */; };
		C0DE34CD2D4697E10071F89A /* CardView.swift in Sources */ = {isa = PBXBuildFile; fileRef = C0DE34CC2D4697E10071F89A /* CardView.swift */; };
		C0DE34D12D46B3A60071F89A /* DishPortraitCollectionViewCell.xib in Resources */ = {isa = PBXBuildFile; fileRef = C0DE34D02D46B3A60071F89A /* DishPortraitCollectionViewCell.xib */; };
		C0DE34D22D46B3A60071F89A /* DishPortraitCollectionViewCell.swift in Sources */ = {isa = PBXBuildFile; fileRef = C0DE34CF2D46B3A60071F89A /* DishPortraitCollectionViewCell.swift */; };
		C0DE34D42D46B57D0071F89A /* Dish.swift in Sources */ = {isa = PBXBuildFile; fileRef = C0DE34D32D46B57D0071F89A /* Dish.swift */; };
		C0DE34D82D4782EC0071F89A /* DishLandScapeCollectionViewCell.xib in Resources */ = {isa = PBXBuildFile; fileRef = C0DE34D72D4782EC0071F89A /* DishLandScapeCollectionViewCell.xib */; };
		C0DE34D92D4782EC0071F89A /* DishLandScapeCollectionViewCell.swift in Sources */ = {isa = PBXBuildFile; fileRef = C0DE34D62D4782EC0071F89A /* DishLandScapeCollectionViewCell.swift */; };
		C0DE34DC2D47942E0071F89A /* DishDetailViewController.swift in Sources */ = {isa = PBXBuildFile; fileRef = C0DE34DB2D47942E0071F89A /* DishDetailViewController.swift */; };
		C0DE34DE2D4798680071F89A /* UIViewController+Extension.swift in Sources */ = {isa = PBXBuildFile; fileRef = C0DE34DD2D4798680071F89A /* UIViewController+Extension.swift */; };
/* End PBXBuildFile section */

/* Begin PBXFileReference section */
		C0DE34972D455B330071F89A /* Yummie.app */ = {isa = PBXFileReference; explicitFileType = wrapper.application; includeInIndex = 0; path = Yummie.app; sourceTree = BUILT_PRODUCTS_DIR; };
		C0DE349A2D455B330071F89A /* AppDelegate.swift */ = {isa = PBXFileReference; lastKnownFileType = sourcecode.swift; path = AppDelegate.swift; sourceTree = "<group>"; };
		C0DE349C2D455B330071F89A /* SceneDelegate.swift */ = {isa = PBXFileReference; lastKnownFileType = sourcecode.swift; path = SceneDelegate.swift; sourceTree = "<group>"; };
		C0DE34A12D455B330071F89A /* Base */ = {isa = PBXFileReference; lastKnownFileType = file.storyboard; name = Base; path = Base.lproj/Main.storyboard; sourceTree = "<group>"; };
		C0DE34A32D455B340071F89A /* Assets.xcassets */ = {isa = PBXFileReference; lastKnownFileType = folder.assetcatalog; path = Assets.xcassets; sourceTree = "<group>"; };
		C0DE34A62D455B340071F89A /* Base */ = {isa = PBXFileReference; lastKnownFileType = file.storyboard; name = Base; path = Base.lproj/LaunchScreen.storyboard; sourceTree = "<group>"; };
		C0DE34A82D455B340071F89A /* Info.plist */ = {isa = PBXFileReference; lastKnownFileType = text.plist.xml; path = Info.plist; sourceTree = "<group>"; };
		C0DE34B22D46516B0071F89A /* OnboardingViewController.swift */ = {isa = PBXFileReference; lastKnownFileType = sourcecode.swift; path = OnboardingViewController.swift; sourceTree = "<group>"; };
		C0DE34B52D4653EA0071F89A /* UIView+Extension.swift */ = {isa = PBXFileReference; lastKnownFileType = sourcecode.swift; path = "UIView+Extension.swift"; sourceTree = "<group>"; };
		C0DE34B72D46566F0071F89A /* OnboardingSlide.swift */ = {isa = PBXFileReference; lastKnownFileType = sourcecode.swift; path = OnboardingSlide.swift; sourceTree = "<group>"; };
		C0DE34B92D4659D50071F89A /* OnboardingCollectionViewCell.swift */ = {isa = PBXFileReference; lastKnownFileType = sourcecode.swift; path = OnboardingCollectionViewCell.swift; sourceTree = "<group>"; };
		C0DE34BC2D468A240071F89A /* HomeViewController.swift */ = {isa = PBXFileReference; lastKnownFileType = sourcecode.swift; path = HomeViewController.swift; sourceTree = "<group>"; };
		C0DE34C02D468EE10071F89A /* CategoryCollectionViewCell.swift */ = {isa = PBXFileReference; lastKnownFileType = sourcecode.swift; path = CategoryCollectionViewCell.swift; sourceTree = "<group>"; };
		C0DE34C12D468EE10071F89A /* CategoryCollectionViewCell.xib */ = {isa = PBXFileReference; lastKnownFileType = file.xib; path = CategoryCollectionViewCell.xib; sourceTree = "<group>"; };
		C0DE34C42D4692E70071F89A /* DishCategory.swift */ = {isa = PBXFileReference; lastKnownFileType = sourcecode.swift; path = DishCategory.swift; sourceTree = "<group>"; };
		C0DE34C92D4693B70071F89A /* String+Extension.swift */ = {isa = PBXFileReference; lastKnownFileType = sourcecode.swift; path = "String+Extension.swift"; sourceTree = "<group>"; };
		C0DE34CC2D4697E10071F89A /* CardView.swift */ = {isa = PBXFileReference; lastKnownFileType = sourcecode.swift; path = CardView.swift; sourceTree = "<group>"; };
		C0DE34CF2D46B3A60071F89A /* DishPortraitCollectionViewCell.swift */ = {isa = PBXFileReference; lastKnownFileType = sourcecode.swift; path = DishPortraitCollectionViewCell.swift; sourceTree = "<group>"; };
		C0DE34D02D46B3A60071F89A /* DishPortraitCollectionViewCell.xib */ = {isa = PBXFileReference; lastKnownFileType = file.xib; path = DishPortraitCollectionViewCell.xib; sourceTree = "<group>"; };
		C0DE34D32D46B57D0071F89A /* Dish.swift */ = {isa = PBXFileReference; lastKnownFileType = sourcecode.swift; path = Dish.swift; sourceTree = "<group>"; };
		C0DE34D62D4782EC0071F89A /* DishLandScapeCollectionViewCell.swift */ = {isa = PBXFileReference; lastKnownFileType = sourcecode.swift; path = DishLandScapeCollectionViewCell.swift; sourceTree = "<group>"; };
		C0DE34D72D4782EC0071F89A /* DishLandScapeCollectionViewCell.xib */ = {isa = PBXFileReference; lastKnownFileType = file.xib; path = DishLandScapeCollectionViewCell.xib; sourceTree = "<group>"; };
		C0DE34DB2D47942E0071F89A /* DishDetailViewController.swift */ = {isa = PBXFileReference; lastKnownFileType = sourcecode.swift; path = DishDetailViewController.swift; sourceTree = "<group>"; };
		C0DE34DD2D4798680071F89A /* UIViewController+Extension.swift */ = {isa = PBXFileReference; lastKnownFileType = sourcecode.swift; path = "UIViewController+Extension.swift"; sourceTree = "<group>"; };
/* End PBXFileReference section */

/* Begin PBXFrameworksBuildPhase section */
		C0DE34942D455B330071F89A /* Frameworks */ = {
			isa = PBXFrameworksBuildPhase;
			buildActionMask = 2147483647;
			files = (
				C0DE34C82D4693630071F89A /* Kingfisher in Frameworks */,
			);
			runOnlyForDeploymentPostprocessing = 0;
		};
/* End PBXFrameworksBuildPhase section */

/* Begin PBXGroup section */
		C0DE348E2D455B330071F89A = {
			isa = PBXGroup;
			children = (
				C0DE34992D455B330071F89A /* Yummie */,
				C0DE34982D455B330071F89A /* Products */,
			);
			sourceTree = "<group>";
		};
		C0DE34982D455B330071F89A /* Products */ = {
			isa = PBXGroup;
			children = (
				C0DE34972D455B330071F89A /* Yummie.app */,
			);
			name = Products;
			sourceTree = "<group>";
		};
		C0DE34992D455B330071F89A /* Yummie */ = {
			isa = PBXGroup;
			children = (
				C0DE34B42D4653D10071F89A /* Extension */,
				C0DE34B02D46510D0071F89A /* Customview */,
				C0DE34AF2D4651090071F89A /* View */,
				C0DE34AE2D4651000071F89A /* Model */,
				C0DE349A2D455B330071F89A /* AppDelegate.swift */,
				C0DE349C2D455B330071F89A /* SceneDelegate.swift */,
				C0DE34A02D455B330071F89A /* Main.storyboard */,
				C0DE34A32D455B340071F89A /* Assets.xcassets */,
				C0DE34A52D455B340071F89A /* LaunchScreen.storyboard */,
				C0DE34A82D455B340071F89A /* Info.plist */,
			);
			path = Yummie;
			sourceTree = "<group>";
		};
		C0DE34AE2D4651000071F89A /* Model */ = {
			isa = PBXGroup;
			children = (
				C0DE34B72D46566F0071F89A /* OnboardingSlide.swift */,
				C0DE34C42D4692E70071F89A /* DishCategory.swift */,
				C0DE34D32D46B57D0071F89A /* Dish.swift */,
			);
			path = Model;
			sourceTree = "<group>";
		};
		C0DE34AF2D4651090071F89A /* View */ = {
			isa = PBXGroup;
			children = (
				C0DE34DA2D4794100071F89A /* DishDetail */,
				C0DE34BB2D468A110071F89A /* Home */,
				C0DE34B12D4651170071F89A /* Onboarding */,
			);
			path = View;
			sourceTree = "<group>";
		};
		C0DE34B02D46510D0071F89A /* Customview */ = {
			isa = PBXGroup;
			children = (
				C0DE34CB2D4697C80071F89A /* CardView */,
				C0DE34BE2D468E9C0071F89A /* CollectionViewCells */,
			);
			path = Customview;
			sourceTree = "<group>";
		};
		C0DE34B12D4651170071F89A /* Onboarding */ = {
			isa = PBXGroup;
			children = (
				C0DE34B22D46516B0071F89A /* OnboardingViewController.swift */,
				C0DE34B92D4659D50071F89A /* OnboardingCollectionViewCell.swift */,
			);
			path = Onboarding;
			sourceTree = "<group>";
		};
		C0DE34B42D4653D10071F89A /* Extension */ = {
			isa = PBXGroup;
			children = (
				C0DE34B52D4653EA0071F89A /* UIView+Extension.swift */,
				C0DE34C92D4693B70071F89A /* String+Extension.swift */,
				C0DE34DD2D4798680071F89A /* UIViewController+Extension.swift */,
			);
			path = Extension;
			sourceTree = "<group>";
		};
		C0DE34BB2D468A110071F89A /* Home */ = {
			isa = PBXGroup;
			children = (
				C0DE34BC2D468A240071F89A /* HomeViewController.swift */,
			);
			path = Home;
			sourceTree = "<group>";
		};
		C0DE34BE2D468E9C0071F89A /* CollectionViewCells */ = {
			isa = PBXGroup;
			children = (
				C0DE34D52D4782CD0071F89A /* DishLandScapeCollectionViewCell */,
				C0DE34CE2D46B3840071F89A /* DishPortaitCollectionViewCell */,
				C0DE34BF2D468EAC0071F89A /* CategoryCollectionViewCell */,
			);
			path = CollectionViewCells;
			sourceTree = "<group>";
		};
		C0DE34BF2D468EAC0071F89A /* CategoryCollectionViewCell */ = {
			isa = PBXGroup;
			children = (
				C0DE34C02D468EE10071F89A /* CategoryCollectionViewCell.swift */,
				C0DE34C12D468EE10071F89A /* CategoryCollectionViewCell.xib */,
			);
			path = CategoryCollectionViewCell;
			sourceTree = "<group>";
		};
		C0DE34CB2D4697C80071F89A /* CardView */ = {
			isa = PBXGroup;
			children = (
				C0DE34CC2D4697E10071F89A /* CardView.swift */,
			);
			path = CardView;
			sourceTree = "<group>";
		};
		C0DE34CE2D46B3840071F89A /* DishPortaitCollectionViewCell */ = {
			isa = PBXGroup;
			children = (
				C0DE34CF2D46B3A60071F89A /* DishPortraitCollectionViewCell.swift */,
				C0DE34D02D46B3A60071F89A /* DishPortraitCollectionViewCell.xib */,
			);
			path = DishPortaitCollectionViewCell;
			sourceTree = "<group>";
		};
		C0DE34D52D4782CD0071F89A /* DishLandScapeCollectionViewCell */ = {
			isa = PBXGroup;
			children = (
				C0DE34D62D4782EC0071F89A /* DishLandScapeCollectionViewCell.swift */,
				C0DE34D72D4782EC0071F89A /* DishLandScapeCollectionViewCell.xib */,
			);
			path = DishLandScapeCollectionViewCell;
			sourceTree = "<group>";
		};
		C0DE34DA2D4794100071F89A /* DishDetail */ = {
			isa = PBXGroup;
			children = (
				C0DE34DB2D47942E0071F89A /* DishDetailViewController.swift */,
			);
			path = DishDetail;
			sourceTree = "<group>";
		};
/* End PBXGroup section */

/* Begin PBXNativeTarget section */
		C0DE34962D455B330071F89A /* Yummie */ = {
			isa = PBXNativeTarget;
			buildConfigurationList = C0DE34AB2D455B340071F89A /* Build configuration list for PBXNativeTarget "Yummie" */;
			buildPhases = (
				C0DE34932D455B330071F89A /* Sources */,
				C0DE34942D455B330071F89A /* Frameworks */,
				C0DE34952D455B330071F89A /* Resources */,
			);
			buildRules = (
			);
			dependencies = (
			);
			name = Yummie;
			packageProductDependencies = (
				C0DE34C72D4693630071F89A /* Kingfisher */,
			);
			productName = Yummie;
			productReference = C0DE34972D455B330071F89A /* Yummie.app */;
			productType = "com.apple.product-type.application";
		};
/* End PBXNativeTarget section */

/* Begin PBXProject section */
		C0DE348F2D455B330071F89A /* Project object */ = {
			isa = PBXProject;
			attributes = {
				BuildIndependentTargetsInParallel = 1;
				LastSwiftUpdateCheck = 1540;
				LastUpgradeCheck = 1540;
				TargetAttributes = {
					C0DE34962D455B330071F89A = {
						CreatedOnToolsVersion = 15.4;
					};
				};
			};
			buildConfigurationList = C0DE34922D455B330071F89A /* Build configuration list for PBXProject "Yummie" */;
			compatibilityVersion = "Xcode 14.0";
			developmentRegion = en;
			hasScannedForEncodings = 0;
			knownRegions = (
				en,
				Base,
			);
			mainGroup = C0DE348E2D455B330071F89A;
			packageReferences = (
				C0DE34C62D4693630071F89A /* XCRemoteSwiftPackageReference "Kingfisher" */,
			);
			productRefGroup = C0DE34982D455B330071F89A /* Products */;
			projectDirPath = "";
			projectRoot = "";
			targets = (
				C0DE34962D455B330071F89A /* Yummie */,
			);
		};
/* End PBXProject section */

/* Begin PBXResourcesBuildPhase section */
		C0DE34952D455B330071F89A /* Resources */ = {
			isa = PBXResourcesBuildPhase;
			buildActionMask = 2147483647;
			files = (
				C0DE34C22D468EE10071F89A /* CategoryCollectionViewCell.xib in Resources */,
				C0DE34A42D455B340071F89A /* Assets.xcassets in Resources */,
				C0DE34D82D4782EC0071F89A /* DishLandScapeCollectionViewCell.xib in Resources */,
				C0DE34D12D46B3A60071F89A /* DishPortraitCollectionViewCell.xib in Resources */,
				C0DE34A72D455B340071F89A /* Base in Resources */,
				C0DE34A22D455B330071F89A /* Base in Resources */,
			);
			runOnlyForDeploymentPostprocessing = 0;
		};
/* End PBXResourcesBuildPhase section */

/* Begin PBXSourcesBuildPhase section */
		C0DE34932D455B330071F89A /* Sources */ = {
			isa = PBXSourcesBuildPhase;
			buildActionMask = 2147483647;
			files = (
				C0DE34DE2D4798680071F89A /* UIViewController+Extension.swift in Sources */,
				C0DE34C32D468EE10071F89A /* CategoryCollectionViewCell.swift in Sources */,
				C0DE34B82D46566F0071F89A /* OnboardingSlide.swift in Sources */,
				C0DE349B2D455B330071F89A /* AppDelegate.swift in Sources */,
				C0DE349D2D455B330071F89A /* SceneDelegate.swift in Sources */,
				C0DE34B62D4653EA0071F89A /* UIView+Extension.swift in Sources */,
				C0DE34B32D46516B0071F89A /* OnboardingViewController.swift in Sources */,
				C0DE34DC2D47942E0071F89A /* DishDetailViewController.swift in Sources */,
				C0DE34BD2D468A240071F89A /* HomeViewController.swift in Sources */,
				C0DE34C52D4692E70071F89A /* DishCategory.swift in Sources */,
				C0DE34CA2D4693B70071F89A /* String+Extension.swift in Sources */,
				C0DE34CD2D4697E10071F89A /* CardView.swift in Sources */,
				C0DE34BA2D4659D50071F89A /* OnboardingCollectionViewCell.swift in Sources */,
				C0DE34D42D46B57D0071F89A /* Dish.swift in Sources */,
				C0DE34D92D4782EC0071F89A /* DishLandScapeCollectionViewCell.swift in Sources */,
				C0DE34D22D46B3A60071F89A /* DishPortraitCollectionViewCell.swift in Sources */,
			);
			runOnlyForDeploymentPostprocessing = 0;
		};
/* End PBXSourcesBuildPhase section */

/* Begin PBXVariantGroup section */
		C0DE34A02D455B330071F89A /* Main.storyboard */ = {
			isa = PBXVariantGroup;
			children = (
				C0DE34A12D455B330071F89A /* Base */,
			);
			name = Main.storyboard;
			sourceTree = "<group>";
		};
		C0DE34A52D455B340071F89A /* LaunchScreen.storyboard */ = {
			isa = PBXVariantGroup;
			children = (
				C0DE34A62D455B340071F89A /* Base */,
			);
			name = LaunchScreen.storyboard;
			sourceTree = "<group>";
		};
/* End PBXVariantGroup section */

/* Begin XCBuildConfiguration section */
		C0DE34A92D455B340071F89A /* Debug */ = {
			isa = XCBuildConfiguration;
			buildSettings = {
				ALWAYS_SEARCH_USER_PATHS = NO;
				ASSETCATALOG_COMPILER_GENERATE_SWIFT_ASSET_SYMBOL_EXTENSIONS = YES;
				CLANG_ANALYZER_NONNULL = YES;
				CLANG_ANALYZER_NUMBER_OBJECT_CONVERSION = YES_AGGRESSIVE;
				CLANG_CXX_LANGUAGE_STANDARD = "gnu++20";
				CLANG_ENABLE_MODULES = YES;
				CLANG_ENABLE_OBJC_ARC = YES;
				CLANG_ENABLE_OBJC_WEAK = YES;
				CLANG_WARN_BLOCK_CAPTURE_AUTORELEASING = YES;
				CLANG_WARN_BOOL_CONVERSION = YES;
				CLANG_WARN_COMMA = YES;
				CLANG_WARN_CONSTANT_CONVERSION = YES;
				CLANG_WARN_DEPRECATED_OBJC_IMPLEMENTATIONS = YES;
				CLANG_WARN_DIRECT_OBJC_ISA_USAGE = YES_ERROR;
				CLANG_WARN_DOCUMENTATION_COMMENTS = YES;
				CLANG_WARN_EMPTY_BODY = YES;
				CLANG_WARN_ENUM_CONVERSION = YES;
				CLANG_WARN_INFINITE_RECURSION = YES;
				CLANG_WARN_INT_CONVERSION = YES;
				CLANG_WARN_NON_LITERAL_NULL_CONVERSION = YES;
				CLANG_WARN_OBJC_IMPLICIT_RETAIN_SELF = YES;
				CLANG_WARN_OBJC_LITERAL_CONVERSION = YES;
				CLANG_WARN_OBJC_ROOT_CLASS = YES_ERROR;
				CLANG_WARN_QUOTED_INCLUDE_IN_FRAMEWORK_HEADER = YES;
				CLANG_WARN_RANGE_LOOP_ANALYSIS = YES;
				CLANG_WARN_STRICT_PROTOTYPES = YES;
				CLANG_WARN_SUSPICIOUS_MOVE = YES;
				CLANG_WARN_UNGUARDED_AVAILABILITY = YES_AGGRESSIVE;
				CLANG_WARN_UNREACHABLE_CODE = YES;
				CLANG_WARN__DUPLICATE_METHOD_MATCH = YES;
				COPY_PHASE_STRIP = NO;
				DEBUG_INFORMATION_FORMAT = dwarf;
				ENABLE_STRICT_OBJC_MSGSEND = YES;
				ENABLE_TESTABILITY = YES;
				ENABLE_USER_SCRIPT_SANDBOXING = YES;
				GCC_C_LANGUAGE_STANDARD = gnu17;
				GCC_DYNAMIC_NO_PIC = NO;
				GCC_NO_COMMON_BLOCKS = YES;
				GCC_OPTIMIZATION_LEVEL = 0;
				GCC_PREPROCESSOR_DEFINITIONS = (
					"DEBUG=1",
					"$(inherited)",
				);
				GCC_WARN_64_TO_32_BIT_CONVERSION = YES;
				GCC_WARN_ABOUT_RETURN_TYPE = YES_ERROR;
				GCC_WARN_UNDECLARED_SELECTOR = YES;
				GCC_WARN_UNINITIALIZED_AUTOS = YES_AGGRESSIVE;
				GCC_WARN_UNUSED_FUNCTION = YES;
				GCC_WARN_UNUSED_VARIABLE = YES;
				IPHONEOS_DEPLOYMENT_TARGET = 17.5;
				LOCALIZATION_PREFERS_STRING_CATALOGS = YES;
				MTL_ENABLE_DEBUG_INFO = INCLUDE_SOURCE;
				MTL_FAST_MATH = YES;
				ONLY_ACTIVE_ARCH = YES;
				SDKROOT = iphoneos;
				SWIFT_ACTIVE_COMPILATION_CONDITIONS = "DEBUG $(inherited)";
				SWIFT_OPTIMIZATION_LEVEL = "-Onone";
			};
			name = Debug;
		};
		C0DE34AA2D455B340071F89A /* Release */ = {
			isa = XCBuildConfiguration;
			buildSettings = {
				ALWAYS_SEARCH_USER_PATHS = NO;
				ASSETCATALOG_COMPILER_GENERATE_SWIFT_ASSET_SYMBOL_EXTENSIONS = YES;
				CLANG_ANALYZER_NONNULL = YES;
				CLANG_ANALYZER_NUMBER_OBJECT_CONVERSION = YES_AGGRESSIVE;
				CLANG_CXX_LANGUAGE_STANDARD = "gnu++20";
				CLANG_ENABLE_MODULES = YES;
				CLANG_ENABLE_OBJC_ARC = YES;
				CLANG_ENABLE_OBJC_WEAK = YES;
				CLANG_WARN_BLOCK_CAPTURE_AUTORELEASING = YES;
				CLANG_WARN_BOOL_CONVERSION = YES;
				CLANG_WARN_COMMA = YES;
				CLANG_WARN_CONSTANT_CONVERSION = YES;
				CLANG_WARN_DEPRECATED_OBJC_IMPLEMENTATIONS = YES;
				CLANG_WARN_DIRECT_OBJC_ISA_USAGE = YES_ERROR;
				CLANG_WARN_DOCUMENTATION_COMMENTS = YES;
				CLANG_WARN_EMPTY_BODY = YES;
				CLANG_WARN_ENUM_CONVERSION = YES;
				CLANG_WARN_INFINITE_RECURSION = YES;
				CLANG_WARN_INT_CONVERSION = YES;
				CLANG_WARN_NON_LITERAL_NULL_CONVERSION = YES;
				CLANG_WARN_OBJC_IMPLICIT_RETAIN_SELF = YES;
				CLANG_WARN_OBJC_LITERAL_CONVERSION = YES;
				CLANG_WARN_OBJC_ROOT_CLASS = YES_ERROR;
				CLANG_WARN_QUOTED_INCLUDE_IN_FRAMEWORK_HEADER = YES;
				CLANG_WARN_RANGE_LOOP_ANALYSIS = YES;
				CLANG_WARN_STRICT_PROTOTYPES = YES;
				CLANG_WARN_SUSPICIOUS_MOVE = YES;
				CLANG_WARN_UNGUARDED_AVAILABILITY = YES_AGGRESSIVE;
				CLANG_WARN_UNREACHABLE_CODE = YES;
				CLANG_WARN__DUPLICATE_METHOD_MATCH = YES;
				COPY_PHASE_STRIP = NO;
				DEBUG_INFORMATION_FORMAT = "dwarf-with-dsym";
				ENABLE_NS_ASSERTIONS = NO;
				ENABLE_STRICT_OBJC_MSGSEND = YES;
				ENABLE_USER_SCRIPT_SANDBOXING = YES;
				GCC_C_LANGUAGE_STANDARD = gnu17;
				GCC_NO_COMMON_BLOCKS = YES;
				GCC_WARN_64_TO_32_BIT_CONVERSION = YES;
				GCC_WARN_ABOUT_RETURN_TYPE = YES_ERROR;
				GCC_WARN_UNDECLARED_SELECTOR = YES;
				GCC_WARN_UNINITIALIZED_AUTOS = YES_AGGRESSIVE;
				GCC_WARN_UNUSED_FUNCTION = YES;
				GCC_WARN_UNUSED_VARIABLE = YES;
				IPHONEOS_DEPLOYMENT_TARGET = 17.5;
				LOCALIZATION_PREFERS_STRING_CATALOGS = YES;
				MTL_ENABLE_DEBUG_INFO = NO;
				MTL_FAST_MATH = YES;
				SDKROOT = iphoneos;
				SWIFT_COMPILATION_MODE = wholemodule;
				VALIDATE_PRODUCT = YES;
			};
			name = Release;
		};
		C0DE34AC2D455B340071F89A /* Debug */ = {
			isa = XCBuildConfiguration;
			buildSettings = {
				ASSETCATALOG_COMPILER_APPICON_NAME = AppIcon;
				ASSETCATALOG_COMPILER_GLOBAL_ACCENT_COLOR_NAME = AccentColor;
				CODE_SIGN_STYLE = Automatic;
				CURRENT_PROJECT_VERSION = 1;
				DEVELOPMENT_TEAM = 7UAX3JG94G;
				GENERATE_INFOPLIST_FILE = YES;
				INFOPLIST_FILE = Yummie/Info.plist;
				INFOPLIST_KEY_UIApplicationSupportsIndirectInputEvents = YES;
				INFOPLIST_KEY_UILaunchStoryboardName = LaunchScreen;
				INFOPLIST_KEY_UIMainStoryboardFile = Main;
				INFOPLIST_KEY_UISupportedInterfaceOrientations_iPad = "UIInterfaceOrientationPortrait UIInterfaceOrientationPortraitUpsideDown UIInterfaceOrientationLandscapeLeft UIInterfaceOrientationLandscapeRight";
				INFOPLIST_KEY_UISupportedInterfaceOrientations_iPhone = "UIInterfaceOrientationPortrait UIInterfaceOrientationLandscapeLeft UIInterfaceOrientationLandscapeRight";
				LD_RUNPATH_SEARCH_PATHS = (
					"$(inherited)",
					"@executable_path/Frameworks",
				);
				MARKETING_VERSION = 1.0;
				PRODUCT_BUNDLE_IDENTIFIER = berk.Yummie;
				PRODUCT_NAME = "$(TARGET_NAME)";
				SWIFT_EMIT_LOC_STRINGS = YES;
				SWIFT_VERSION = 5.0;
				TARGETED_DEVICE_FAMILY = "1,2";
			};
			name = Debug;
		};
		C0DE34AD2D455B340071F89A /* Release */ = {
			isa = XCBuildConfiguration;
			buildSettings = {
				ASSETCATALOG_COMPILER_APPICON_NAME = AppIcon;
				ASSETCATALOG_COMPILER_GLOBAL_ACCENT_COLOR_NAME = AccentColor;
				CODE_SIGN_STYLE = Automatic;
				CURRENT_PROJECT_VERSION = 1;
				DEVELOPMENT_TEAM = 7UAX3JG94G;
				GENERATE_INFOPLIST_FILE = YES;
				INFOPLIST_FILE = Yummie/Info.plist;
				INFOPLIST_KEY_UIApplicationSupportsIndirectInputEvents = YES;
				INFOPLIST_KEY_UILaunchStoryboardName = LaunchScreen;
				INFOPLIST_KEY_UIMainStoryboardFile = Main;
				INFOPLIST_KEY_UISupportedInterfaceOrientations_iPad = "UIInterfaceOrientationPortrait UIInterfaceOrientationPortraitUpsideDown UIInterfaceOrientationLandscapeLeft UIInterfaceOrientationLandscapeRight";
				INFOPLIST_KEY_UISupportedInterfaceOrientations_iPhone = "UIInterfaceOrientationPortrait UIInterfaceOrientationLandscapeLeft UIInterfaceOrientationLandscapeRight";
				LD_RUNPATH_SEARCH_PATHS = (
					"$(inherited)",
					"@executable_path/Frameworks",
				);
				MARKETING_VERSION = 1.0;
				PRODUCT_BUNDLE_IDENTIFIER = berk.Yummie;
				PRODUCT_NAME = "$(TARGET_NAME)";
				SWIFT_EMIT_LOC_STRINGS = YES;
				SWIFT_VERSION = 5.0;
				TARGETED_DEVICE_FAMILY = "1,2";
			};
			name = Release;
		};
/* End XCBuildConfiguration section */

/* Begin XCConfigurationList section */
		C0DE34922D455B330071F89A /* Build configuration list for PBXProject "Yummie" */ = {
			isa = XCConfigurationList;
			buildConfigurations = (
				C0DE34A92D455B340071F89A /* Debug */,
				C0DE34AA2D455B340071F89A /* Release */,
			);
			defaultConfigurationIsVisible = 0;
			defaultConfigurationName = Release;
		};
		C0DE34AB2D455B340071F89A /* Build configuration list for PBXNativeTarget "Yummie" */ = {
			isa = XCConfigurationList;
			buildConfigurations = (
				C0DE34AC2D455B340071F89A /* Debug */,
				C0DE34AD2D455B340071F89A /* Release */,
			);
			defaultConfigurationIsVisible = 0;
			defaultConfigurationName = Release;
		};
/* End XCConfigurationList section */

/* Begin XCRemoteSwiftPackageReference section */
		C0DE34C62D4693630071F89A /* XCRemoteSwiftPackageReference "Kingfisher" */ = {
			isa = XCRemoteSwiftPackageReference;
			repositoryURL = "https://github.com/onevcat/Kingfisher.git";
			requirement = {
				kind = upToNextMajorVersion;
				minimumVersion = 8.1.3;
			};
		};
/* End XCRemoteSwiftPackageReference section */

/* Begin XCSwiftPackageProductDependency section */
		C0DE34C72D4693630071F89A /* Kingfisher */ = {
			isa = XCSwiftPackageProductDependency;
			package = C0DE34C62D4693630071F89A /* XCRemoteSwiftPackageReference "Kingfisher" */;
			productName = Kingfisher;
		};
/* End XCSwiftPackageProductDependency section */
	};
	rootObject = C0DE348F2D455B330071F89A /* Project object */;
}
