// !$*UTF8*$!
{
	archiveVersion = 1;
	classes = {
	};
	objectVersion = 56;
	objects = {

/* Begin PBXBuildFile section */
		C02358172D553AED00ED87D1 /* AppDelegate.swift in Sources */ = {isa = PBXBuildFile; fileRef = C02358162D553AED00ED87D1 /* AppDelegate.swift */; };
		C02358192D553AED00ED87D1 /* SceneDelegate.swift in Sources */ = {isa = PBXBuildFile; fileRef = C02358182D553AED00ED87D1 /* SceneDelegate.swift */; };
		C023581B2D553AED00ED87D1 /* MainTabViewController.swift in Sources */ = {isa = PBXBuildFile; fileRef = C023581A2D553AED00ED87D1 /* MainTabViewController.swift */; };
		C023581E2D553AED00ED87D1 /* Base in Resources */ = {isa = PBXBuildFile; fileRef = C023581D2D553AED00ED87D1 /* Base */; };
		C02358202D553AEE00ED87D1 /* Assets.xcassets in Resources */ = {isa = PBXBuildFile; fileRef = C023581F2D553AEE00ED87D1 /* Assets.xcassets */; };
		C02358232D553AEE00ED87D1 /* Base in Resources */ = {isa = PBXBuildFile; fileRef = C02358222D553AEE00ED87D1 /* Base */; };
		C023582D2D553CDD00ED87D1 /* HomeViewController.swift in Sources */ = {isa = PBXBuildFile; fileRef = C023582C2D553CDD00ED87D1 /* HomeViewController.swift */; };
		C023582F2D553CFC00ED87D1 /* UpcomingViewController.swift in Sources */ = {isa = PBXBuildFile; fileRef = C023582E2D553CFC00ED87D1 /* UpcomingViewController.swift */; };
		C02358312D553D0E00ED87D1 /* SearchViewController.swift in Sources */ = {isa = PBXBuildFile; fileRef = C02358302D553D0E00ED87D1 /* SearchViewController.swift */; };
		C02358332D553D2A00ED87D1 /* DownloadViewController.swift in Sources */ = {isa = PBXBuildFile; fileRef = C02358322D553D2A00ED87D1 /* DownloadViewController.swift */; };
		C023583A2D5545DC00ED87D1 /* CollectionViewTableViewCell.swift in Sources */ = {isa = PBXBuildFile; fileRef = C02358392D5545DC00ED87D1 /* CollectionViewTableViewCell.swift */; };
		C023583D2D563FFA00ED87D1 /* HeroHeaderUIView.swift in Sources */ = {isa = PBXBuildFile; fileRef = C023583C2D563FFA00ED87D1 /* HeroHeaderUIView.swift */; };
		C02358712D5759BE00ED87D1 /* APICaller.swift in Sources */ = {isa = PBXBuildFile; fileRef = C02358702D5759BE00ED87D1 /* APICaller.swift */; };
		C02358732D575E6C00ED87D1 /* Title.swift in Sources */ = {isa = PBXBuildFile; fileRef = C02358722D575E6C00ED87D1 /* Title.swift */; };
		C02358752D57612100ED87D1 /* Extensions.swift in Sources */ = {isa = PBXBuildFile; fileRef = C02358742D57612100ED87D1 /* Extensions.swift */; };
		C02358772D5763C000ED87D1 /* Tv.swift in Sources */ = {isa = PBXBuildFile; fileRef = C02358762D5763C000ED87D1 /* Tv.swift */; };
		C02358792D5767A500ED87D1 /* TitleCollectionViewCell.swift in Sources */ = {isa = PBXBuildFile; fileRef = C02358782D5767A500ED87D1 /* TitleCollectionViewCell.swift */; };
		C023587C2D57854900ED87D1 /* SDWebImage in Frameworks */ = {isa = PBXBuildFile; productRef = C023587B2D57854900ED87D1 /* SDWebImage */; };
		C023587E2D57854900ED87D1 /* SDWebImageMapKit in Frameworks */ = {isa = PBXBuildFile; productRef = C023587D2D57854900ED87D1 /* SDWebImageMapKit */; };
/* End PBXBuildFile section */

/* Begin PBXFileReference section */
		C02358132D553AED00ED87D1 /* Netflix-Clone.app */ = {isa = PBXFileReference; explicitFileType = wrapper.application; includeInIndex = 0; path = "Netflix-Clone.app"; sourceTree = BUILT_PRODUCTS_DIR; };
		C02358162D553AED00ED87D1 /* AppDelegate.swift */ = {isa = PBXFileReference; lastKnownFileType = sourcecode.swift; path = AppDelegate.swift; sourceTree = "<group>"; };
		C02358182D553AED00ED87D1 /* SceneDelegate.swift */ = {isa = PBXFileReference; lastKnownFileType = sourcecode.swift; path = SceneDelegate.swift; sourceTree = "<group>"; };
		C023581A2D553AED00ED87D1 /* MainTabViewController.swift */ = {isa = PBXFileReference; lastKnownFileType = sourcecode.swift; path = MainTabViewController.swift; sourceTree = "<group>"; };
		C023581D2D553AED00ED87D1 /* Base */ = {isa = PBXFileReference; lastKnownFileType = file.storyboard; name = Base; path = Base.lproj/Main.storyboard; sourceTree = "<group>"; };
		C023581F2D553AEE00ED87D1 /* Assets.xcassets */ = {isa = PBXFileReference; lastKnownFileType = folder.assetcatalog; path = Assets.xcassets; sourceTree = "<group>"; };
		C02358222D553AEE00ED87D1 /* Base */ = {isa = PBXFileReference; lastKnownFileType = file.storyboard; name = Base; path = Base.lproj/LaunchScreen.storyboard; sourceTree = "<group>"; };
		C02358242D553AEE00ED87D1 /* Info.plist */ = {isa = PBXFileReference; lastKnownFileType = text.plist.xml; path = Info.plist; sourceTree = "<group>"; };
		C023582C2D553CDD00ED87D1 /* HomeViewController.swift */ = {isa = PBXFileReference; lastKnownFileType = sourcecode.swift; path = HomeViewController.swift; sourceTree = "<group>"; };
		C023582E2D553CFC00ED87D1 /* UpcomingViewController.swift */ = {isa = PBXFileReference; lastKnownFileType = sourcecode.swift; path = UpcomingViewController.swift; sourceTree = "<group>"; };
		C02358302D553D0E00ED87D1 /* SearchViewController.swift */ = {isa = PBXFileReference; lastKnownFileType = sourcecode.swift; path = SearchViewController.swift; sourceTree = "<group>"; };
		C02358322D553D2A00ED87D1 /* DownloadViewController.swift */ = {isa = PBXFileReference; lastKnownFileType = sourcecode.swift; path = DownloadViewController.swift; sourceTree = "<group>"; };
		C02358392D5545DC00ED87D1 /* CollectionViewTableViewCell.swift */ = {isa = PBXFileReference; lastKnownFileType = sourcecode.swift; path = CollectionViewTableViewCell.swift; sourceTree = "<group>"; };
		C023583C2D563FFA00ED87D1 /* HeroHeaderUIView.swift */ = {isa = PBXFileReference; lastKnownFileType = sourcecode.swift; path = HeroHeaderUIView.swift; sourceTree = "<group>"; };
		C02358702D5759BE00ED87D1 /* APICaller.swift */ = {isa = PBXFileReference; lastKnownFileType = sourcecode.swift; path = APICaller.swift; sourceTree = "<group>"; };
		C02358722D575E6C00ED87D1 /* Title.swift */ = {isa = PBXFileReference; lastKnownFileType = sourcecode.swift; path = Title.swift; sourceTree = "<group>"; };
		C02358742D57612100ED87D1 /* Extensions.swift */ = {isa = PBXFileReference; lastKnownFileType = sourcecode.swift; path = Extensions.swift; sourceTree = "<group>"; };
		C02358762D5763C000ED87D1 /* Tv.swift */ = {isa = PBXFileReference; lastKnownFileType = sourcecode.swift; path = Tv.swift; sourceTree = "<group>"; };
		C02358782D5767A500ED87D1 /* TitleCollectionViewCell.swift */ = {isa = PBXFileReference; lastKnownFileType = sourcecode.swift; path = TitleCollectionViewCell.swift; sourceTree = "<group>"; };
/* End PBXFileReference section */

/* Begin PBXFrameworksBuildPhase section */
		C02358102D553AED00ED87D1 /* Frameworks */ = {
			isa = PBXFrameworksBuildPhase;
			buildActionMask = 2147483647;
			files = (
				C023587E2D57854900ED87D1 /* SDWebImageMapKit in Frameworks */,
				C023587C2D57854900ED87D1 /* SDWebImage in Frameworks */,
			);
			runOnlyForDeploymentPostprocessing = 0;
		};
/* End PBXFrameworksBuildPhase section */

/* Begin PBXGroup section */
		C023580A2D553AED00ED87D1 = {
			isa = PBXGroup;
			children = (
				C02358152D553AED00ED87D1 /* Netflix-Clone */,
				C02358142D553AED00ED87D1 /* Products */,
			);
			sourceTree = "<group>";
		};
		C02358142D553AED00ED87D1 /* Products */ = {
			isa = PBXGroup;
			children = (
				C02358132D553AED00ED87D1 /* Netflix-Clone.app */,
			);
			name = Products;
			sourceTree = "<group>";
		};
		C02358152D553AED00ED87D1 /* Netflix-Clone */ = {
			isa = PBXGroup;
			children = (
				C02358382D5545A600ED87D1 /* Managers */,
				C02358372D5545A100ED87D1 /* Resources */,
				C02358352D55457400ED87D1 /* ViewModels */,
				C02358362D55457900ED87D1 /* Models */,
				C02358342D55456C00ED87D1 /* Views */,
				C023582A2D553CAE00ED87D1 /* Controllers */,
				C02358162D553AED00ED87D1 /* AppDelegate.swift */,
				C02358182D553AED00ED87D1 /* SceneDelegate.swift */,
				C023581A2D553AED00ED87D1 /* MainTabViewController.swift */,
				C023581C2D553AED00ED87D1 /* Main.storyboard */,
				C023581F2D553AEE00ED87D1 /* Assets.xcassets */,
				C02358212D553AEE00ED87D1 /* LaunchScreen.storyboard */,
				C02358242D553AEE00ED87D1 /* Info.plist */,
			);
			path = "Netflix-Clone";
			sourceTree = "<group>";
		};
		C023582A2D553CAE00ED87D1 /* Controllers */ = {
			isa = PBXGroup;
			children = (
				C023582C2D553CDD00ED87D1 /* HomeViewController.swift */,
				C023582E2D553CFC00ED87D1 /* UpcomingViewController.swift */,
				C02358302D553D0E00ED87D1 /* SearchViewController.swift */,
				C02358322D553D2A00ED87D1 /* DownloadViewController.swift */,
			);
			path = Controllers;
			sourceTree = "<group>";
		};
		C02358342D55456C00ED87D1 /* Views */ = {
			isa = PBXGroup;
			children = (
				C02358392D5545DC00ED87D1 /* CollectionViewTableViewCell.swift */,
				C023583C2D563FFA00ED87D1 /* HeroHeaderUIView.swift */,
				C02358782D5767A500ED87D1 /* TitleCollectionViewCell.swift */,
			);
			path = Views;
			sourceTree = "<group>";
		};
		C02358352D55457400ED87D1 /* ViewModels */ = {
			isa = PBXGroup;
			children = (
			);
			path = ViewModels;
			sourceTree = "<group>";
		};
		C02358362D55457900ED87D1 /* Models */ = {
			isa = PBXGroup;
			children = (
				C02358722D575E6C00ED87D1 /* Title.swift */,
				C02358762D5763C000ED87D1 /* Tv.swift */,
			);
			path = Models;
			sourceTree = "<group>";
		};
		C02358372D5545A100ED87D1 /* Resources */ = {
			isa = PBXGroup;
			children = (
				C02358742D57612100ED87D1 /* Extensions.swift */,
			);
			path = Resources;
			sourceTree = "<group>";
		};
		C02358382D5545A600ED87D1 /* Managers */ = {
			isa = PBXGroup;
			children = (
				C02358702D5759BE00ED87D1 /* APICaller.swift */,
			);
			path = Managers;
			sourceTree = "<group>";
		};
/* End PBXGroup section */

/* Begin PBXNativeTarget section */
		C02358122D553AED00ED87D1 /* Netflix-Clone */ = {
			isa = PBXNativeTarget;
			buildConfigurationList = C02358272D553AEE00ED87D1 /* Build configuration list for PBXNativeTarget "Netflix-Clone" */;
			buildPhases = (
				C023580F2D553AED00ED87D1 /* Sources */,
				C02358102D553AED00ED87D1 /* Frameworks */,
				C02358112D553AED00ED87D1 /* Resources */,
			);
			buildRules = (
			);
			dependencies = (
			);
			name = "Netflix-Clone";
			packageProductDependencies = (
				C023587B2D57854900ED87D1 /* SDWebImage */,
				C023587D2D57854900ED87D1 /* SDWebImageMapKit */,
			);
			productName = "Netflix-Clone";
			productReference = C02358132D553AED00ED87D1 /* Netflix-Clone.app */;
			productType = "com.apple.product-type.application";
		};
/* End PBXNativeTarget section */

/* Begin PBXProject section */
		C023580B2D553AED00ED87D1 /* Project object */ = {
			isa = PBXProject;
			attributes = {
				BuildIndependentTargetsInParallel = 1;
				LastSwiftUpdateCheck = 1540;
				LastUpgradeCheck = 1540;
				TargetAttributes = {
					C02358122D553AED00ED87D1 = {
						CreatedOnToolsVersion = 15.4;
					};
				};
			};
			buildConfigurationList = C023580E2D553AED00ED87D1 /* Build configuration list for PBXProject "Netflix-Clone" */;
			compatibilityVersion = "Xcode 14.0";
			developmentRegion = en;
			hasScannedForEncodings = 0;
			knownRegions = (
				en,
				Base,
			);
			mainGroup = C023580A2D553AED00ED87D1;
			packageReferences = (
				C023587A2D57854900ED87D1 /* XCRemoteSwiftPackageReference "SDWebImage" */,
			);
			productRefGroup = C02358142D553AED00ED87D1 /* Products */;
			projectDirPath = "";
			projectRoot = "";
			targets = (
				C02358122D553AED00ED87D1 /* Netflix-Clone */,
			);
		};
/* End PBXProject section */

/* Begin PBXResourcesBuildPhase section */
		C02358112D553AED00ED87D1 /* Resources */ = {
			isa = PBXResourcesBuildPhase;
			buildActionMask = 2147483647;
			files = (
				C02358202D553AEE00ED87D1 /* Assets.xcassets in Resources */,
				C02358232D553AEE00ED87D1 /* Base in Resources */,
				C023581E2D553AED00ED87D1 /* Base in Resources */,
			);
			runOnlyForDeploymentPostprocessing = 0;
		};
/* End PBXResourcesBuildPhase section */

/* Begin PBXSourcesBuildPhase section */
		C023580F2D553AED00ED87D1 /* Sources */ = {
			isa = PBXSourcesBuildPhase;
			buildActionMask = 2147483647;
			files = (
				C02358312D553D0E00ED87D1 /* SearchViewController.swift in Sources */,
				C023581B2D553AED00ED87D1 /* MainTabViewController.swift in Sources */,
				C023583A2D5545DC00ED87D1 /* CollectionViewTableViewCell.swift in Sources */,
				C02358712D5759BE00ED87D1 /* APICaller.swift in Sources */,
				C023583D2D563FFA00ED87D1 /* HeroHeaderUIView.swift in Sources */,
				C02358172D553AED00ED87D1 /* AppDelegate.swift in Sources */,
				C02358332D553D2A00ED87D1 /* DownloadViewController.swift in Sources */,
				C02358792D5767A500ED87D1 /* TitleCollectionViewCell.swift in Sources */,
				C02358752D57612100ED87D1 /* Extensions.swift in Sources */,
				C02358192D553AED00ED87D1 /* SceneDelegate.swift in Sources */,
				C023582F2D553CFC00ED87D1 /* UpcomingViewController.swift in Sources */,
				C02358732D575E6C00ED87D1 /* Title.swift in Sources */,
				C02358772D5763C000ED87D1 /* Tv.swift in Sources */,
				C023582D2D553CDD00ED87D1 /* HomeViewController.swift in Sources */,
			);
			runOnlyForDeploymentPostprocessing = 0;
		};
/* End PBXSourcesBuildPhase section */

/* Begin PBXVariantGroup section */
		C023581C2D553AED00ED87D1 /* Main.storyboard */ = {
			isa = PBXVariantGroup;
			children = (
				C023581D2D553AED00ED87D1 /* Base */,
			);
			name = Main.storyboard;
			sourceTree = "<group>";
		};
		C02358212D553AEE00ED87D1 /* LaunchScreen.storyboard */ = {
			isa = PBXVariantGroup;
			children = (
				C02358222D553AEE00ED87D1 /* Base */,
			);
			name = LaunchScreen.storyboard;
			sourceTree = "<group>";
		};
/* End PBXVariantGroup section */

/* Begin XCBuildConfiguration section */
		C02358252D553AEE00ED87D1 /* Debug */ = {
			isa = XCBuildConfiguration;
			buildSettings = {
				ALWAYS_SEARCH_USER_PATHS = NO;
				ASSETCATALOG_COMPILER_GENERATE_SWIFT_ASSET_SYMBOL_EXTENSIONS = YES;
				CLANG_ANALYZER_NONNULL = YES;
				CLANG_ANALYZER_NUMBER_OBJECT_CONVERSION = YES_AGGRESSIVE;
				CLANG_CXX_LANGUAGE_STANDARD = "gnu++20";
				CLANG_ENABLE_MODULES = YES;
				CLANG_ENABLE_OBJC_ARC = YES;
				CLANG_ENABLE_OBJC_WEAK = YES;
				CLANG_WARN_BLOCK_CAPTURE_AUTORELEASING = YES;
				CLANG_WARN_BOOL_CONVERSION = YES;
				CLANG_WARN_COMMA = YES;
				CLANG_WARN_CONSTANT_CONVERSION = YES;
				CLANG_WARN_DEPRECATED_OBJC_IMPLEMENTATIONS = YES;
				CLANG_WARN_DIRECT_OBJC_ISA_USAGE = YES_ERROR;
				CLANG_WARN_DOCUMENTATION_COMMENTS = YES;
				CLANG_WARN_EMPTY_BODY = YES;
				CLANG_WARN_ENUM_CONVERSION = YES;
				CLANG_WARN_INFINITE_RECURSION = YES;
				CLANG_WARN_INT_CONVERSION = YES;
				CLANG_WARN_NON_LITERAL_NULL_CONVERSION = YES;
				CLANG_WARN_OBJC_IMPLICIT_RETAIN_SELF = YES;
				CLANG_WARN_OBJC_LITERAL_CONVERSION = YES;
				CLANG_WARN_OBJC_ROOT_CLASS = YES_ERROR;
				CLANG_WARN_QUOTED_INCLUDE_IN_FRAMEWORK_HEADER = YES;
				CLANG_WARN_RANGE_LOOP_ANALYSIS = YES;
				CLANG_WARN_STRICT_PROTOTYPES = YES;
				CLANG_WARN_SUSPICIOUS_MOVE = YES;
				CLANG_WARN_UNGUARDED_AVAILABILITY = YES_AGGRESSIVE;
				CLANG_WARN_UNREACHABLE_CODE = YES;
				CLANG_WARN__DUPLICATE_METHOD_MATCH = YES;
				COPY_PHASE_STRIP = NO;
				DEBUG_INFORMATION_FORMAT = dwarf;
				ENABLE_STRICT_OBJC_MSGSEND = YES;
				ENABLE_TESTABILITY = YES;
				ENABLE_USER_SCRIPT_SANDBOXING = YES;
				GCC_C_LANGUAGE_STANDARD = gnu17;
				GCC_DYNAMIC_NO_PIC = NO;
				GCC_NO_COMMON_BLOCKS = YES;
				GCC_OPTIMIZATION_LEVEL = 0;
				GCC_PREPROCESSOR_DEFINITIONS = (
					"DEBUG=1",
					"$(inherited)",
				);
				GCC_WARN_64_TO_32_BIT_CONVERSION = YES;
				GCC_WARN_ABOUT_RETURN_TYPE = YES_ERROR;
				GCC_WARN_UNDECLARED_SELECTOR = YES;
				GCC_WARN_UNINITIALIZED_AUTOS = YES_AGGRESSIVE;
				GCC_WARN_UNUSED_FUNCTION = YES;
				GCC_WARN_UNUSED_VARIABLE = YES;
				IPHONEOS_DEPLOYMENT_TARGET = 17.5;
				LOCALIZATION_PREFERS_STRING_CATALOGS = YES;
				MTL_ENABLE_DEBUG_INFO = INCLUDE_SOURCE;
				MTL_FAST_MATH = YES;
				ONLY_ACTIVE_ARCH = YES;
				SDKROOT = iphoneos;
				SWIFT_ACTIVE_COMPILATION_CONDITIONS = "DEBUG $(inherited)";
				SWIFT_OPTIMIZATION_LEVEL = "-Onone";
			};
			name = Debug;
		};
		C02358262D553AEE00ED87D1 /* Release */ = {
			isa = XCBuildConfiguration;
			buildSettings = {
				ALWAYS_SEARCH_USER_PATHS = NO;
				ASSETCATALOG_COMPILER_GENERATE_SWIFT_ASSET_SYMBOL_EXTENSIONS = YES;
				CLANG_ANALYZER_NONNULL = YES;
				CLANG_ANALYZER_NUMBER_OBJECT_CONVERSION = YES_AGGRESSIVE;
				CLANG_CXX_LANGUAGE_STANDARD = "gnu++20";
				CLANG_ENABLE_MODULES = YES;
				CLANG_ENABLE_OBJC_ARC = YES;
				CLANG_ENABLE_OBJC_WEAK = YES;
				CLANG_WARN_BLOCK_CAPTURE_AUTORELEASING = YES;
				CLANG_WARN_BOOL_CONVERSION = YES;
				CLANG_WARN_COMMA = YES;
				CLANG_WARN_CONSTANT_CONVERSION = YES;
				CLANG_WARN_DEPRECATED_OBJC_IMPLEMENTATIONS = YES;
				CLANG_WARN_DIRECT_OBJC_ISA_USAGE = YES_ERROR;
				CLANG_WARN_DOCUMENTATION_COMMENTS = YES;
				CLANG_WARN_EMPTY_BODY = YES;
				CLANG_WARN_ENUM_CONVERSION = YES;
				CLANG_WARN_INFINITE_RECURSION = YES;
				CLANG_WARN_INT_CONVERSION = YES;
				CLANG_WARN_NON_LITERAL_NULL_CONVERSION = YES;
				CLANG_WARN_OBJC_IMPLICIT_RETAIN_SELF = YES;
				CLANG_WARN_OBJC_LITERAL_CONVERSION = YES;
				CLANG_WARN_OBJC_ROOT_CLASS = YES_ERROR;
				CLANG_WARN_QUOTED_INCLUDE_IN_FRAMEWORK_HEADER = YES;
				CLANG_WARN_RANGE_LOOP_ANALYSIS = YES;
				CLANG_WARN_STRICT_PROTOTYPES = YES;
				CLANG_WARN_SUSPICIOUS_MOVE = YES;
				CLANG_WARN_UNGUARDED_AVAILABILITY = YES_AGGRESSIVE;
				CLANG_WARN_UNREACHABLE_CODE = YES;
				CLANG_WARN__DUPLICATE_METHOD_MATCH = YES;
				COPY_PHASE_STRIP = NO;
				DEBUG_INFORMATION_FORMAT = "dwarf-with-dsym";
				ENABLE_NS_ASSERTIONS = NO;
				ENABLE_STRICT_OBJC_MSGSEND = YES;
				ENABLE_USER_SCRIPT_SANDBOXING = YES;
				GCC_C_LANGUAGE_STANDARD = gnu17;
				GCC_NO_COMMON_BLOCKS = YES;
				GCC_WARN_64_TO_32_BIT_CONVERSION = YES;
				GCC_WARN_ABOUT_RETURN_TYPE = YES_ERROR;
				GCC_WARN_UNDECLARED_SELECTOR = YES;
				GCC_WARN_UNINITIALIZED_AUTOS = YES_AGGRESSIVE;
				GCC_WARN_UNUSED_FUNCTION = YES;
				GCC_WARN_UNUSED_VARIABLE = YES;
				IPHONEOS_DEPLOYMENT_TARGET = 17.5;
				LOCALIZATION_PREFERS_STRING_CATALOGS = YES;
				MTL_ENABLE_DEBUG_INFO = NO;
				MTL_FAST_MATH = YES;
				SDKROOT = iphoneos;
				SWIFT_COMPILATION_MODE = wholemodule;
				VALIDATE_PRODUCT = YES;
			};
			name = Release;
		};
		C02358282D553AEE00ED87D1 /* Debug */ = {
			isa = XCBuildConfiguration;
			buildSettings = {
				ASSETCATALOG_COMPILER_APPICON_NAME = AppIcon;
				ASSETCATALOG_COMPILER_GLOBAL_ACCENT_COLOR_NAME = AccentColor;
				CODE_SIGN_STYLE = Automatic;
				CURRENT_PROJECT_VERSION = 1;
				DEVELOPMENT_TEAM = 7UAX3JG94G;
				GENERATE_INFOPLIST_FILE = YES;
				INFOPLIST_FILE = "Netflix-Clone/Info.plist";
				INFOPLIST_KEY_UIApplicationSupportsIndirectInputEvents = YES;
				INFOPLIST_KEY_UILaunchStoryboardName = LaunchScreen;
				INFOPLIST_KEY_UISupportedInterfaceOrientations_iPad = "UIInterfaceOrientationPortrait UIInterfaceOrientationPortraitUpsideDown UIInterfaceOrientationLandscapeLeft UIInterfaceOrientationLandscapeRight";
				INFOPLIST_KEY_UISupportedInterfaceOrientations_iPhone = "UIInterfaceOrientationPortrait UIInterfaceOrientationLandscapeLeft UIInterfaceOrientationLandscapeRight";
				LD_RUNPATH_SEARCH_PATHS = (
					"$(inherited)",
					"@executable_path/Frameworks",
				);
				MARKETING_VERSION = 1.0;
				PRODUCT_BUNDLE_IDENTIFIER = "berk.Netflix-Clone";
				PRODUCT_NAME = "$(TARGET_NAME)";
				SWIFT_EMIT_LOC_STRINGS = YES;
				SWIFT_VERSION = 5.0;
				TARGETED_DEVICE_FAMILY = "1,2";
			};
			name = Debug;
		};
		C02358292D553AEE00ED87D1 /* Release */ = {
			isa = XCBuildConfiguration;
			buildSettings = {
				ASSETCATALOG_COMPILER_APPICON_NAME = AppIcon;
				ASSETCATALOG_COMPILER_GLOBAL_ACCENT_COLOR_NAME = AccentColor;
				CODE_SIGN_STYLE = Automatic;
				CURRENT_PROJECT_VERSION = 1;
				DEVELOPMENT_TEAM = 7UAX3JG94G;
				GENERATE_INFOPLIST_FILE = YES;
				INFOPLIST_FILE = "Netflix-Clone/Info.plist";
				INFOPLIST_KEY_UIApplicationSupportsIndirectInputEvents = YES;
				INFOPLIST_KEY_UILaunchStoryboardName = LaunchScreen;
				INFOPLIST_KEY_UISupportedInterfaceOrientations_iPad = "UIInterfaceOrientationPortrait UIInterfaceOrientationPortraitUpsideDown UIInterfaceOrientationLandscapeLeft UIInterfaceOrientationLandscapeRight";
				INFOPLIST_KEY_UISupportedInterfaceOrientations_iPhone = "UIInterfaceOrientationPortrait UIInterfaceOrientationLandscapeLeft UIInterfaceOrientationLandscapeRight";
				LD_RUNPATH_SEARCH_PATHS = (
					"$(inherited)",
					"@executable_path/Frameworks",
				);
				MARKETING_VERSION = 1.0;
				PRODUCT_BUNDLE_IDENTIFIER = "berk.Netflix-Clone";
				PRODUCT_NAME = "$(TARGET_NAME)";
				SWIFT_EMIT_LOC_STRINGS = YES;
				SWIFT_VERSION = 5.0;
				TARGETED_DEVICE_FAMILY = "1,2";
			};
			name = Release;
		};
/* End XCBuildConfiguration section */

/* Begin XCConfigurationList section */
		C023580E2D553AED00ED87D1 /* Build configuration list for PBXProject "Netflix-Clone" */ = {
			isa = XCConfigurationList;
			buildConfigurations = (
				C02358252D553AEE00ED87D1 /* Debug */,
				C02358262D553AEE00ED87D1 /* Release */,
			);
			defaultConfigurationIsVisible = 0;
			defaultConfigurationName = Release;
		};
		C02358272D553AEE00ED87D1 /* Build configuration list for PBXNativeTarget "Netflix-Clone" */ = {
			isa = XCConfigurationList;
			buildConfigurations = (
				C02358282D553AEE00ED87D1 /* Debug */,
				C02358292D553AEE00ED87D1 /* Release */,
			);
			defaultConfigurationIsVisible = 0;
			defaultConfigurationName = Release;
		};
/* End XCConfigurationList section */

/* Begin XCRemoteSwiftPackageReference section */
		C023587A2D57854900ED87D1 /* XCRemoteSwiftPackageReference "SDWebImage" */ = {
			isa = XCRemoteSwiftPackageReference;
			repositoryURL = "https://github.com/SDWebImage/SDWebImage.git";
			requirement = {
				kind = upToNextMajorVersion;
				minimumVersion = 5.20.0;
			};
		};
/* End XCRemoteSwiftPackageReference section */

/* Begin XCSwiftPackageProductDependency section */
		C023587B2D57854900ED87D1 /* SDWebImage */ = {
			isa = XCSwiftPackageProductDependency;
			package = C023587A2D57854900ED87D1 /* XCRemoteSwiftPackageReference "SDWebImage" */;
			productName = SDWebImage;
		};
		C023587D2D57854900ED87D1 /* SDWebImageMapKit */ = {
			isa = XCSwiftPackageProductDependency;
			package = C023587A2D57854900ED87D1 /* XCRemoteSwiftPackageReference "SDWebImage" */;
			productName = SDWebImageMapKit;
		};
/* End XCSwiftPackageProductDependency section */
	};
	rootObject = C023580B2D553AED00ED87D1 /* Project object */;
}
