// !$*UTF8*$!
{
	archiveVersion = 1;
	classes = {
	};
	objectVersion = 56;
	objects = {

/* Begin PBXBuildFile section */
		C0E403972D4201FA00C7A169 /* AppDelegate.swift in Sources */ = {isa = PBXBuildFile; fileRef = C0E403962D4201FA00C7A169 /* AppDelegate.swift */; };
		C0E403992D4201FA00C7A169 /* SceneDelegate.swift in Sources */ = {isa = PBXBuildFile; fileRef = C0E403982D4201FA00C7A169 /* SceneDelegate.swift */; };
		C0E4039B2D4201FA00C7A169 /* ViewController.swift in Sources */ = {isa = PBXBuildFile; fileRef = C0E4039A2D4201FA00C7A169 /* ViewController.swift */; };
		C0E4039E2D4201FA00C7A169 /* Base in Resources */ = {isa = PBXBuildFile; fileRef = C0E4039D2D4201FA00C7A169 /* Base */; };
		C0E403A02D4201FB00C7A169 /* Assets.xcassets in Resources */ = {isa = PBXBuildFile; fileRef = C0E4039F2D4201FB00C7A169 /* Assets.xcassets */; };
		C0E403A32D4201FB00C7A169 /* Base in Resources */ = {isa = PBXBuildFile; fileRef = C0E403A22D4201FB00C7A169 /* Base */; };
		C0E403AE2D4201FB00C7A169 /* SwiftTestingProjectTests.swift in Sources */ = {isa = PBXBuildFile; fileRef = C0E403AD2D4201FB00C7A169 /* SwiftTestingProjectTests.swift */; };
		C0E403B82D4201FB00C7A169 /* SwiftTestingProjectUITests.swift in Sources */ = {isa = PBXBuildFile; fileRef = C0E403B72D4201FB00C7A169 /* SwiftTestingProjectUITests.swift */; };
		C0E403BA2D4201FB00C7A169 /* SwiftTestingProjectUITestsLaunchTests.swift in Sources */ = {isa = PBXBuildFile; fileRef = C0E403B92D4201FB00C7A169 /* SwiftTestingProjectUITestsLaunchTests.swift */; };
		C0E403C72D42029F00C7A169 /* MathematicFunction.swift in Sources */ = {isa = PBXBuildFile; fileRef = C0E403C62D42029F00C7A169 /* MathematicFunction.swift */; };
/* End PBXBuildFile section */

/* Begin PBXContainerItemProxy section */
		C0E403AA2D4201FB00C7A169 /* PBXContainerItemProxy */ = {
			isa = PBXContainerItemProxy;
			containerPortal = C0E4038B2D4201FA00C7A169 /* Project object */;
			proxyType = 1;
			remoteGlobalIDString = C0E403922D4201FA00C7A169;
			remoteInfo = SwiftTestingProject;
		};
		C0E403B42D4201FB00C7A169 /* PBXContainerItemProxy */ = {
			isa = PBXContainerItemProxy;
			containerPortal = C0E4038B2D4201FA00C7A169 /* Project object */;
			proxyType = 1;
			remoteGlobalIDString = C0E403922D4201FA00C7A169;
			remoteInfo = SwiftTestingProject;
		};
/* End PBXContainerItemProxy section */

/* Begin PBXFileReference section */
		C0E403932D4201FA00C7A169 /* SwiftTestingProject.app */ = {isa = PBXFileReference; explicitFileType = wrapper.application; includeInIndex = 0; path = SwiftTestingProject.app; sourceTree = BUILT_PRODUCTS_DIR; };
		C0E403962D4201FA00C7A169 /* AppDelegate.swift */ = {isa = PBXFileReference; lastKnownFileType = sourcecode.swift; path = AppDelegate.swift; sourceTree = "<group>"; };
		C0E403982D4201FA00C7A169 /* SceneDelegate.swift */ = {isa = PBXFileReference; lastKnownFileType = sourcecode.swift; path = SceneDelegate.swift; sourceTree = "<group>"; };
		C0E4039A2D4201FA00C7A169 /* ViewController.swift */ = {isa = PBXFileReference; lastKnownFileType = sourcecode.swift; path = ViewController.swift; sourceTree = "<group>"; };
		C0E4039D2D4201FA00C7A169 /* Base */ = {isa = PBXFileReference; lastKnownFileType = file.storyboard; name = Base; path = Base.lproj/Main.storyboard; sourceTree = "<group>"; };
		C0E4039F2D4201FB00C7A169 /* Assets.xcassets */ = {isa = PBXFileReference; lastKnownFileType = folder.assetcatalog; path = Assets.xcassets; sourceTree = "<group>"; };
		C0E403A22D4201FB00C7A169 /* Base */ = {isa = PBXFileReference; lastKnownFileType = file.storyboard; name = Base; path = Base.lproj/LaunchScreen.storyboard; sourceTree = "<group>"; };
		C0E403A42D4201FB00C7A169 /* Info.plist */ = {isa = PBXFileReference; lastKnownFileType = text.plist.xml; path = Info.plist; sourceTree = "<group>"; };
		C0E403A92D4201FB00C7A169 /* SwiftTestingProjectTests.xctest */ = {isa = PBXFileReference; explicitFileType = wrapper.cfbundle; includeInIndex = 0; path = SwiftTestingProjectTests.xctest; sourceTree = BUILT_PRODUCTS_DIR; };
		C0E403AD2D4201FB00C7A169 /* SwiftTestingProjectTests.swift */ = {isa = PBXFileReference; lastKnownFileType = sourcecode.swift; path = SwiftTestingProjectTests.swift; sourceTree = "<group>"; };
		C0E403B32D4201FB00C7A169 /* SwiftTestingProjectUITests.xctest */ = {isa = PBXFileReference; explicitFileType = wrapper.cfbundle; includeInIndex = 0; path = SwiftTestingProjectUITests.xctest; sourceTree = BUILT_PRODUCTS_DIR; };
		C0E403B72D4201FB00C7A169 /* SwiftTestingProjectUITests.swift */ = {isa = PBXFileReference; lastKnownFileType = sourcecode.swift; path = SwiftTestingProjectUITests.swift; sourceTree = "<group>"; };
		C0E403B92D4201FB00C7A169 /* SwiftTestingProjectUITestsLaunchTests.swift */ = {isa = PBXFileReference; lastKnownFileType = sourcecode.swift; path = SwiftTestingProjectUITestsLaunchTests.swift; sourceTree = "<group>"; };
		C0E403C62D42029F00C7A169 /* MathematicFunction.swift */ = {isa = PBXFileReference; lastKnownFileType = sourcecode.swift; path = MathematicFunction.swift; sourceTree = "<group>"; };
/* End PBXFileReference section */

/* Begin PBXFrameworksBuildPhase section */
		C0E403902D4201FA00C7A169 /* Frameworks */ = {
			isa = PBXFrameworksBuildPhase;
			buildActionMask = 2147483647;
			files = (
			);
			runOnlyForDeploymentPostprocessing = 0;
		};
		C0E403A62D4201FB00C7A169 /* Frameworks */ = {
			isa = PBXFrameworksBuildPhase;
			buildActionMask = 2147483647;
			files = (
			);
			runOnlyForDeploymentPostprocessing = 0;
		};
		C0E403B02D4201FB00C7A169 /* Frameworks */ = {
			isa = PBXFrameworksBuildPhase;
			buildActionMask = 2147483647;
			files = (
			);
			runOnlyForDeploymentPostprocessing = 0;
		};
/* End PBXFrameworksBuildPhase section */

/* Begin PBXGroup section */
		C0E4038A2D4201FA00C7A169 = {
			isa = PBXGroup;
			children = (
				C0E403952D4201FA00C7A169 /* SwiftTestingProject */,
				C0E403AC2D4201FB00C7A169 /* SwiftTestingProjectTests */,
				C0E403B62D4201FB00C7A169 /* SwiftTestingProjectUITests */,
				C0E403942D4201FA00C7A169 /* Products */,
			);
			sourceTree = "<group>";
		};
		C0E403942D4201FA00C7A169 /* Products */ = {
			isa = PBXGroup;
			children = (
				C0E403932D4201FA00C7A169 /* SwiftTestingProject.app */,
				C0E403A92D4201FB00C7A169 /* SwiftTestingProjectTests.xctest */,
				C0E403B32D4201FB00C7A169 /* SwiftTestingProjectUITests.xctest */,
			);
			name = Products;
			sourceTree = "<group>";
		};
		C0E403952D4201FA00C7A169 /* SwiftTestingProject */ = {
			isa = PBXGroup;
			children = (
				C0E403962D4201FA00C7A169 /* AppDelegate.swift */,
				C0E403982D4201FA00C7A169 /* SceneDelegate.swift */,
				C0E4039A2D4201FA00C7A169 /* ViewController.swift */,
				C0E4039C2D4201FA00C7A169 /* Main.storyboard */,
				C0E4039F2D4201FB00C7A169 /* Assets.xcassets */,
				C0E403A12D4201FB00C7A169 /* LaunchScreen.storyboard */,
				C0E403A42D4201FB00C7A169 /* Info.plist */,
				C0E403C62D42029F00C7A169 /* MathematicFunction.swift */,
			);
			path = SwiftTestingProject;
			sourceTree = "<group>";
		};
		C0E403AC2D4201FB00C7A169 /* SwiftTestingProjectTests */ = {
			isa = PBXGroup;
			children = (
				C0E403AD2D4201FB00C7A169 /* SwiftTestingProjectTests.swift */,
			);
			path = SwiftTestingProjectTests;
			sourceTree = "<group>";
		};
		C0E403B62D4201FB00C7A169 /* SwiftTestingProjectUITests */ = {
			isa = PBXGroup;
			children = (
				C0E403B72D4201FB00C7A169 /* SwiftTestingProjectUITests.swift */,
				C0E403B92D4201FB00C7A169 /* SwiftTestingProjectUITestsLaunchTests.swift */,
			);
			path = SwiftTestingProjectUITests;
			sourceTree = "<group>";
		};
/* End PBXGroup section */

/* Begin PBXNativeTarget section */
		C0E403922D4201FA00C7A169 /* SwiftTestingProject */ = {
			isa = PBXNativeTarget;
			buildConfigurationList = C0E403BD2D4201FB00C7A169 /* Build configuration list for PBXNativeTarget "SwiftTestingProject" */;
			buildPhases = (
				C0E4038F2D4201FA00C7A169 /* Sources */,
				C0E403902D4201FA00C7A169 /* Frameworks */,
				C0E403912D4201FA00C7A169 /* Resources */,
			);
			buildRules = (
			);
			dependencies = (
			);
			name = SwiftTestingProject;
			productName = SwiftTestingProject;
			productReference = C0E403932D4201FA00C7A169 /* SwiftTestingProject.app */;
			productType = "com.apple.product-type.application";
		};
		C0E403A82D4201FB00C7A169 /* SwiftTestingProjectTests */ = {
			isa = PBXNativeTarget;
			buildConfigurationList = C0E403C02D4201FB00C7A169 /* Build configuration list for PBXNativeTarget "SwiftTestingProjectTests" */;
			buildPhases = (
				C0E403A52D4201FB00C7A169 /* Sources */,
				C0E403A62D4201FB00C7A169 /* Frameworks */,
				C0E403A72D4201FB00C7A169 /* Resources */,
			);
			buildRules = (
			);
			dependencies = (
				C0E403AB2D4201FB00C7A169 /* PBXTargetDependency */,
			);
			name = SwiftTestingProjectTests;
			productName = SwiftTestingProjectTests;
			productReference = C0E403A92D4201FB00C7A169 /* SwiftTestingProjectTests.xctest */;
			productType = "com.apple.product-type.bundle.unit-test";
		};
		C0E403B22D4201FB00C7A169 /* SwiftTestingProjectUITests */ = {
			isa = PBXNativeTarget;
			buildConfigurationList = C0E403C32D4201FB00C7A169 /* Build configuration list for PBXNativeTarget "SwiftTestingProjectUITests" */;
			buildPhases = (
				C0E403AF2D4201FB00C7A169 /* Sources */,
				C0E403B02D4201FB00C7A169 /* Frameworks */,
				C0E403B12D4201FB00C7A169 /* Resources */,
			);
			buildRules = (
			);
			dependencies = (
				C0E403B52D4201FB00C7A169 /* PBXTargetDependency */,
			);
			name = SwiftTestingProjectUITests;
			productName = SwiftTestingProjectUITests;
			productReference = C0E403B32D4201FB00C7A169 /* SwiftTestingProjectUITests.xctest */;
			productType = "com.apple.product-type.bundle.ui-testing";
		};
/* End PBXNativeTarget section */

/* Begin PBXProject section */
		C0E4038B2D4201FA00C7A169 /* Project object */ = {
			isa = PBXProject;
			attributes = {
				BuildIndependentTargetsInParallel = 1;
				LastSwiftUpdateCheck = 1540;
				LastUpgradeCheck = 1540;
				TargetAttributes = {
					C0E403922D4201FA00C7A169 = {
						CreatedOnToolsVersion = 15.4;
					};
					C0E403A82D4201FB00C7A169 = {
						CreatedOnToolsVersion = 15.4;
						TestTargetID = C0E403922D4201FA00C7A169;
					};
					C0E403B22D4201FB00C7A169 = {
						CreatedOnToolsVersion = 15.4;
						TestTargetID = C0E403922D4201FA00C7A169;
					};
				};
			};
			buildConfigurationList = C0E4038E2D4201FA00C7A169 /* Build configuration list for PBXProject "SwiftTestingProject" */;
			compatibilityVersion = "Xcode 14.0";
			developmentRegion = en;
			hasScannedForEncodings = 0;
			knownRegions = (
				en,
				Base,
			);
			mainGroup = C0E4038A2D4201FA00C7A169;
			productRefGroup = C0E403942D4201FA00C7A169 /* Products */;
			projectDirPath = "";
			projectRoot = "";
			targets = (
				C0E403922D4201FA00C7A169 /* SwiftTestingProject */,
				C0E403A82D4201FB00C7A169 /* SwiftTestingProjectTests */,
				C0E403B22D4201FB00C7A169 /* SwiftTestingProjectUITests */,
			);
		};
/* End PBXProject section */

/* Begin PBXResourcesBuildPhase section */
		C0E403912D4201FA00C7A169 /* Resources */ = {
			isa = PBXResourcesBuildPhase;
			buildActionMask = 2147483647;
			files = (
				C0E403A02D4201FB00C7A169 /* Assets.xcassets in Resources */,
				C0E403A32D4201FB00C7A169 /* Base in Resources */,
				C0E4039E2D4201FA00C7A169 /* Base in Resources */,
			);
			runOnlyForDeploymentPostprocessing = 0;
		};
		C0E403A72D4201FB00C7A169 /* Resources */ = {
			isa = PBXResourcesBuildPhase;
			buildActionMask = 2147483647;
			files = (
			);
			runOnlyForDeploymentPostprocessing = 0;
		};
		C0E403B12D4201FB00C7A169 /* Resources */ = {
			isa = PBXResourcesBuildPhase;
			buildActionMask = 2147483647;
			files = (
			);
			runOnlyForDeploymentPostprocessing = 0;
		};
/* End PBXResourcesBuildPhase section */

/* Begin PBXSourcesBuildPhase section */
		C0E4038F2D4201FA00C7A169 /* Sources */ = {
			isa = PBXSourcesBuildPhase;
			buildActionMask = 2147483647;
			files = (
				C0E4039B2D4201FA00C7A169 /* ViewController.swift in Sources */,
				C0E403972D4201FA00C7A169 /* AppDelegate.swift in Sources */,
				C0E403C72D42029F00C7A169 /* MathematicFunction.swift in Sources */,
				C0E403992D4201FA00C7A169 /* SceneDelegate.swift in Sources */,
			);
			runOnlyForDeploymentPostprocessing = 0;
		};
		C0E403A52D4201FB00C7A169 /* Sources */ = {
			isa = PBXSourcesBuildPhase;
			buildActionMask = 2147483647;
			files = (
				C0E403AE2D4201FB00C7A169 /* SwiftTestingProjectTests.swift in Sources */,
			);
			runOnlyForDeploymentPostprocessing = 0;
		};
		C0E403AF2D4201FB00C7A169 /* Sources */ = {
			isa = PBXSourcesBuildPhase;
			buildActionMask = 2147483647;
			files = (
				C0E403B82D4201FB00C7A169 /* SwiftTestingProjectUITests.swift in Sources */,
				C0E403BA2D4201FB00C7A169 /* SwiftTestingProjectUITestsLaunchTests.swift in Sources */,
			);
			runOnlyForDeploymentPostprocessing = 0;
		};
/* End PBXSourcesBuildPhase section */

/* Begin PBXTargetDependency section */
		C0E403AB2D4201FB00C7A169 /* PBXTargetDependency */ = {
			isa = PBXTargetDependency;
			target = C0E403922D4201FA00C7A169 /* SwiftTestingProject */;
			targetProxy = C0E403AA2D4201FB00C7A169 /* PBXContainerItemProxy */;
		};
		C0E403B52D4201FB00C7A169 /* PBXTargetDependency */ = {
			isa = PBXTargetDependency;
			target = C0E403922D4201FA00C7A169 /* SwiftTestingProject */;
			targetProxy = C0E403B42D4201FB00C7A169 /* PBXContainerItemProxy */;
		};
/* End PBXTargetDependency section */

/* Begin PBXVariantGroup section */
		C0E4039C2D4201FA00C7A169 /* Main.storyboard */ = {
			isa = PBXVariantGroup;
			children = (
				C0E4039D2D4201FA00C7A169 /* Base */,
			);
			name = Main.storyboard;
			sourceTree = "<group>";
		};
		C0E403A12D4201FB00C7A169 /* LaunchScreen.storyboard */ = {
			isa = PBXVariantGroup;
			children = (
				C0E403A22D4201FB00C7A169 /* Base */,
			);
			name = LaunchScreen.storyboard;
			sourceTree = "<group>";
		};
/* End PBXVariantGroup section */

/* Begin XCBuildConfiguration section */
		C0E403BB2D4201FB00C7A169 /* Debug */ = {
			isa = XCBuildConfiguration;
			buildSettings = {
				ALWAYS_SEARCH_USER_PATHS = NO;
				ASSETCATALOG_COMPILER_GENERATE_SWIFT_ASSET_SYMBOL_EXTENSIONS = YES;
				CLANG_ANALYZER_NONNULL = YES;
				CLANG_ANALYZER_NUMBER_OBJECT_CONVERSION = YES_AGGRESSIVE;
				CLANG_CXX_LANGUAGE_STANDARD = "gnu++20";
				CLANG_ENABLE_MODULES = YES;
				CLANG_ENABLE_OBJC_ARC = YES;
				CLANG_ENABLE_OBJC_WEAK = YES;
				CLANG_WARN_BLOCK_CAPTURE_AUTORELEASING = YES;
				CLANG_WARN_BOOL_CONVERSION = YES;
				CLANG_WARN_COMMA = YES;
				CLANG_WARN_CONSTANT_CONVERSION = YES;
				CLANG_WARN_DEPRECATED_OBJC_IMPLEMENTATIONS = YES;
				CLANG_WARN_DIRECT_OBJC_ISA_USAGE = YES_ERROR;
				CLANG_WARN_DOCUMENTATION_COMMENTS = YES;
				CLANG_WARN_EMPTY_BODY = YES;
				CLANG_WARN_ENUM_CONVERSION = YES;
				CLANG_WARN_INFINITE_RECURSION = YES;
				CLANG_WARN_INT_CONVERSION = YES;
				CLANG_WARN_NON_LITERAL_NULL_CONVERSION = YES;
				CLANG_WARN_OBJC_IMPLICIT_RETAIN_SELF = YES;
				CLANG_WARN_OBJC_LITERAL_CONVERSION = YES;
				CLANG_WARN_OBJC_ROOT_CLASS = YES_ERROR;
				CLANG_WARN_QUOTED_INCLUDE_IN_FRAMEWORK_HEADER = YES;
				CLANG_WARN_RANGE_LOOP_ANALYSIS = YES;
				CLANG_WARN_STRICT_PROTOTYPES = YES;
				CLANG_WARN_SUSPICIOUS_MOVE = YES;
				CLANG_WARN_UNGUARDED_AVAILABILITY = YES_AGGRESSIVE;
				CLANG_WARN_UNREACHABLE_CODE = YES;
				CLANG_WARN__DUPLICATE_METHOD_MATCH = YES;
				COPY_PHASE_STRIP = NO;
				DEBUG_INFORMATION_FORMAT = dwarf;
				ENABLE_STRICT_OBJC_MSGSEND = YES;
				ENABLE_TESTABILITY = YES;
				ENABLE_USER_SCRIPT_SANDBOXING = YES;
				GCC_C_LANGUAGE_STANDARD = gnu17;
				GCC_DYNAMIC_NO_PIC = NO;
				GCC_NO_COMMON_BLOCKS = YES;
				GCC_OPTIMIZATION_LEVEL = 0;
				GCC_PREPROCESSOR_DEFINITIONS = (
					"DEBUG=1",
					"$(inherited)",
				);
				GCC_WARN_64_TO_32_BIT_CONVERSION = YES;
				GCC_WARN_ABOUT_RETURN_TYPE = YES_ERROR;
				GCC_WARN_UNDECLARED_SELECTOR = YES;
				GCC_WARN_UNINITIALIZED_AUTOS = YES_AGGRESSIVE;
				GCC_WARN_UNUSED_FUNCTION = YES;
				GCC_WARN_UNUSED_VARIABLE = YES;
				IPHONEOS_DEPLOYMENT_TARGET = 17.5;
				LOCALIZATION_PREFERS_STRING_CATALOGS = YES;
				MTL_ENABLE_DEBUG_INFO = INCLUDE_SOURCE;
				MTL_FAST_MATH = YES;
				ONLY_ACTIVE_ARCH = YES;
				SDKROOT = iphoneos;
				SWIFT_ACTIVE_COMPILATION_CONDITIONS = "DEBUG $(inherited)";
				SWIFT_OPTIMIZATION_LEVEL = "-Onone";
			};
			name = Debug;
		};
		C0E403BC2D4201FB00C7A169 /* Release */ = {
			isa = XCBuildConfiguration;
			buildSettings = {
				ALWAYS_SEARCH_USER_PATHS = NO;
				ASSETCATALOG_COMPILER_GENERATE_SWIFT_ASSET_SYMBOL_EXTENSIONS = YES;
				CLANG_ANALYZER_NONNULL = YES;
				CLANG_ANALYZER_NUMBER_OBJECT_CONVERSION = YES_AGGRESSIVE;
				CLANG_CXX_LANGUAGE_STANDARD = "gnu++20";
				CLANG_ENABLE_MODULES = YES;
				CLANG_ENABLE_OBJC_ARC = YES;
				CLANG_ENABLE_OBJC_WEAK = YES;
				CLANG_WARN_BLOCK_CAPTURE_AUTORELEASING = YES;
				CLANG_WARN_BOOL_CONVERSION = YES;
				CLANG_WARN_COMMA = YES;
				CLANG_WARN_CONSTANT_CONVERSION = YES;
				CLANG_WARN_DEPRECATED_OBJC_IMPLEMENTATIONS = YES;
				CLANG_WARN_DIRECT_OBJC_ISA_USAGE = YES_ERROR;
				CLANG_WARN_DOCUMENTATION_COMMENTS = YES;
				CLANG_WARN_EMPTY_BODY = YES;
				CLANG_WARN_ENUM_CONVERSION = YES;
				CLANG_WARN_INFINITE_RECURSION = YES;
				CLANG_WARN_INT_CONVERSION = YES;
				CLANG_WARN_NON_LITERAL_NULL_CONVERSION = YES;
				CLANG_WARN_OBJC_IMPLICIT_RETAIN_SELF = YES;
				CLANG_WARN_OBJC_LITERAL_CONVERSION = YES;
				CLANG_WARN_OBJC_ROOT_CLASS = YES_ERROR;
				CLANG_WARN_QUOTED_INCLUDE_IN_FRAMEWORK_HEADER = YES;
				CLANG_WARN_RANGE_LOOP_ANALYSIS = YES;
				CLANG_WARN_STRICT_PROTOTYPES = YES;
				CLANG_WARN_SUSPICIOUS_MOVE = YES;
				CLANG_WARN_UNGUARDED_AVAILABILITY = YES_AGGRESSIVE;
				CLANG_WARN_UNREACHABLE_CODE = YES;
				CLANG_WARN__DUPLICATE_METHOD_MATCH = YES;
				COPY_PHASE_STRIP = NO;
				DEBUG_INFORMATION_FORMAT = "dwarf-with-dsym";
				ENABLE_NS_ASSERTIONS = NO;
				ENABLE_STRICT_OBJC_MSGSEND = YES;
				ENABLE_USER_SCRIPT_SANDBOXING = YES;
				GCC_C_LANGUAGE_STANDARD = gnu17;
				GCC_NO_COMMON_BLOCKS = YES;
				GCC_WARN_64_TO_32_BIT_CONVERSION = YES;
				GCC_WARN_ABOUT_RETURN_TYPE = YES_ERROR;
				GCC_WARN_UNDECLARED_SELECTOR = YES;
				GCC_WARN_UNINITIALIZED_AUTOS = YES_AGGRESSIVE;
				GCC_WARN_UNUSED_FUNCTION = YES;
				GCC_WARN_UNUSED_VARIABLE = YES;
				IPHONEOS_DEPLOYMENT_TARGET = 17.5;
				LOCALIZATION_PREFERS_STRING_CATALOGS = YES;
				MTL_ENABLE_DEBUG_INFO = NO;
				MTL_FAST_MATH = YES;
				SDKROOT = iphoneos;
				SWIFT_COMPILATION_MODE = wholemodule;
				VALIDATE_PRODUCT = YES;
			};
			name = Release;
		};
		C0E403BE2D4201FB00C7A169 /* Debug */ = {
			isa = XCBuildConfiguration;
			buildSettings = {
				ASSETCATALOG_COMPILER_APPICON_NAME = AppIcon;
				ASSETCATALOG_COMPILER_GLOBAL_ACCENT_COLOR_NAME = AccentColor;
				CODE_SIGN_STYLE = Automatic;
				CURRENT_PROJECT_VERSION = 1;
				DEVELOPMENT_TEAM = 7UAX3JG94G;
				GENERATE_INFOPLIST_FILE = YES;
				INFOPLIST_FILE = SwiftTestingProject/Info.plist;
				INFOPLIST_KEY_UIApplicationSupportsIndirectInputEvents = YES;
				INFOPLIST_KEY_UILaunchStoryboardName = LaunchScreen;
				INFOPLIST_KEY_UIMainStoryboardFile = Main;
				INFOPLIST_KEY_UISupportedInterfaceOrientations_iPad = "UIInterfaceOrientationPortrait UIInterfaceOrientationPortraitUpsideDown UIInterfaceOrientationLandscapeLeft UIInterfaceOrientationLandscapeRight";
				INFOPLIST_KEY_UISupportedInterfaceOrientations_iPhone = "UIInterfaceOrientationPortrait UIInterfaceOrientationLandscapeLeft UIInterfaceOrientationLandscapeRight";
				LD_RUNPATH_SEARCH_PATHS = (
					"$(inherited)",
					"@executable_path/Frameworks",
				);
				MARKETING_VERSION = 1.0;
				PRODUCT_BUNDLE_IDENTIFIER = berk.SwiftTestingProject;
				PRODUCT_NAME = "$(TARGET_NAME)";
				SWIFT_EMIT_LOC_STRINGS = YES;
				SWIFT_VERSION = 5.0;
				TARGETED_DEVICE_FAMILY = "1,2";
			};
			name = Debug;
		};
		C0E403BF2D4201FB00C7A169 /* Release */ = {
			isa = XCBuildConfiguration;
			buildSettings = {
				ASSETCATALOG_COMPILER_APPICON_NAME = AppIcon;
				ASSETCATALOG_COMPILER_GLOBAL_ACCENT_COLOR_NAME = AccentColor;
				CODE_SIGN_STYLE = Automatic;
				CURRENT_PROJECT_VERSION = 1;
				DEVELOPMENT_TEAM = 7UAX3JG94G;
				GENERATE_INFOPLIST_FILE = YES;
				INFOPLIST_FILE = SwiftTestingProject/Info.plist;
				INFOPLIST_KEY_UIApplicationSupportsIndirectInputEvents = YES;
				INFOPLIST_KEY_UILaunchStoryboardName = LaunchScreen;
				INFOPLIST_KEY_UIMainStoryboardFile = Main;
				INFOPLIST_KEY_UISupportedInterfaceOrientations_iPad = "UIInterfaceOrientationPortrait UIInterfaceOrientationPortraitUpsideDown UIInterfaceOrientationLandscapeLeft UIInterfaceOrientationLandscapeRight";
				INFOPLIST_KEY_UISupportedInterfaceOrientations_iPhone = "UIInterfaceOrientationPortrait UIInterfaceOrientationLandscapeLeft UIInterfaceOrientationLandscapeRight";
				LD_RUNPATH_SEARCH_PATHS = (
					"$(inherited)",
					"@executable_path/Frameworks",
				);
				MARKETING_VERSION = 1.0;
				PRODUCT_BUNDLE_IDENTIFIER = berk.SwiftTestingProject;
				PRODUCT_NAME = "$(TARGET_NAME)";
				SWIFT_EMIT_LOC_STRINGS = YES;
				SWIFT_VERSION = 5.0;
				TARGETED_DEVICE_FAMILY = "1,2";
			};
			name = Release;
		};
		C0E403C12D4201FB00C7A169 /* Debug */ = {
			isa = XCBuildConfiguration;
			buildSettings = {
				ALWAYS_EMBED_SWIFT_STANDARD_LIBRARIES = YES;
				BUNDLE_LOADER = "$(TEST_HOST)";
				CODE_SIGN_STYLE = Automatic;
				CURRENT_PROJECT_VERSION = 1;
				DEVELOPMENT_TEAM = 7UAX3JG94G;
				GENERATE_INFOPLIST_FILE = YES;
				IPHONEOS_DEPLOYMENT_TARGET = 17.5;
				MARKETING_VERSION = 1.0;
				PRODUCT_BUNDLE_IDENTIFIER = berk.SwiftTestingProjectTests;
				PRODUCT_NAME = "$(TARGET_NAME)";
				SWIFT_EMIT_LOC_STRINGS = NO;
				SWIFT_VERSION = 5.0;
				TARGETED_DEVICE_FAMILY = "1,2";
				TEST_HOST = "$(BUILT_PRODUCTS_DIR)/SwiftTestingProject.app/$(BUNDLE_EXECUTABLE_FOLDER_PATH)/SwiftTestingProject";
			};
			name = Debug;
		};
		C0E403C22D4201FB00C7A169 /* Release */ = {
			isa = XCBuildConfiguration;
			buildSettings = {
				ALWAYS_EMBED_SWIFT_STANDARD_LIBRARIES = YES;
				BUNDLE_LOADER = "$(TEST_HOST)";
				CODE_SIGN_STYLE = Automatic;
				CURRENT_PROJECT_VERSION = 1;
				DEVELOPMENT_TEAM = 7UAX3JG94G;
				GENERATE_INFOPLIST_FILE = YES;
				IPHONEOS_DEPLOYMENT_TARGET = 17.5;
				MARKETING_VERSION = 1.0;
				PRODUCT_BUNDLE_IDENTIFIER = berk.SwiftTestingProjectTests;
				PRODUCT_NAME = "$(TARGET_NAME)";
				SWIFT_EMIT_LOC_STRINGS = NO;
				SWIFT_VERSION = 5.0;
				TARGETED_DEVICE_FAMILY = "1,2";
				TEST_HOST = "$(BUILT_PRODUCTS_DIR)/SwiftTestingProject.app/$(BUNDLE_EXECUTABLE_FOLDER_PATH)/SwiftTestingProject";
			};
			name = Release;
		};
		C0E403C42D4201FB00C7A169 /* Debug */ = {
			isa = XCBuildConfiguration;
			buildSettings = {
				ALWAYS_EMBED_SWIFT_STANDARD_LIBRARIES = YES;
				CODE_SIGN_STYLE = Automatic;
				CURRENT_PROJECT_VERSION = 1;
				DEVELOPMENT_TEAM = 7UAX3JG94G;
				GENERATE_INFOPLIST_FILE = YES;
				MARKETING_VERSION = 1.0;
				PRODUCT_BUNDLE_IDENTIFIER = berk.SwiftTestingProjectUITests;
				PRODUCT_NAME = "$(TARGET_NAME)";
				SWIFT_EMIT_LOC_STRINGS = NO;
				SWIFT_VERSION = 5.0;
				TARGETED_DEVICE_FAMILY = "1,2";
				TEST_TARGET_NAME = SwiftTestingProject;
			};
			name = Debug;
		};
		C0E403C52D4201FB00C7A169 /* Release */ = {
			isa = XCBuildConfiguration;
			buildSettings = {
				ALWAYS_EMBED_SWIFT_STANDARD_LIBRARIES = YES;
				CODE_SIGN_STYLE = Automatic;
				CURRENT_PROJECT_VERSION = 1;
				DEVELOPMENT_TEAM = 7UAX3JG94G;
				GENERATE_INFOPLIST_FILE = YES;
				MARKETING_VERSION = 1.0;
				PRODUCT_BUNDLE_IDENTIFIER = berk.SwiftTestingProjectUITests;
				PRODUCT_NAME = "$(TARGET_NAME)";
				SWIFT_EMIT_LOC_STRINGS = NO;
				SWIFT_VERSION = 5.0;
				TARGETED_DEVICE_FAMILY = "1,2";
				TEST_TARGET_NAME = SwiftTestingProject;
			};
			name = Release;
		};
/* End XCBuildConfiguration section */

/* Begin XCConfigurationList section */
		C0E4038E2D4201FA00C7A169 /* Build configuration list for PBXProject "SwiftTestingProject" */ = {
			isa = XCConfigurationList;
			buildConfigurations = (
				C0E403BB2D4201FB00C7A169 /* Debug */,
				C0E403BC2D4201FB00C7A169 /* Release */,
			);
			defaultConfigurationIsVisible = 0;
			defaultConfigurationName = Release;
		};
		C0E403BD2D4201FB00C7A169 /* Build configuration list for PBXNativeTarget "SwiftTestingProject" */ = {
			isa = XCConfigurationList;
			buildConfigurations = (
				C0E403BE2D4201FB00C7A169 /* Debug */,
				C0E403BF2D4201FB00C7A169 /* Release */,
			);
			defaultConfigurationIsVisible = 0;
			defaultConfigurationName = Release;
		};
		C0E403C02D4201FB00C7A169 /* Build configuration list for PBXNativeTarget "SwiftTestingProjectTests" */ = {
			isa = XCConfigurationList;
			buildConfigurations = (
				C0E403C12D4201FB00C7A169 /* Debug */,
				C0E403C22D4201FB00C7A169 /* Release */,
			);
			defaultConfigurationIsVisible = 0;
			defaultConfigurationName = Release;
		};
		C0E403C32D4201FB00C7A169 /* Build configuration list for PBXNativeTarget "SwiftTestingProjectUITests" */ = {
			isa = XCConfigurationList;
			buildConfigurations = (
				C0E403C42D4201FB00C7A169 /* Debug */,
				C0E403C52D4201FB00C7A169 /* Release */,
			);
			defaultConfigurationIsVisible = 0;
			defaultConfigurationName = Release;
		};
/* End XCConfigurationList section */
	};
	rootObject = C0E4038B2D4201FA00C7A169 /* Project object */;
}
