// !$*UTF8*$!
{
	archiveVersion = 1;
	classes = {
	};
	objectVersion = 56;
	objects = {

/* Begin PBXBuildFile section */
		C0B7DD422B30594F0093E6E3 /* AppDelegate.swift in Sources */ = {isa = PBXBuildFile; fileRef = C0B7DD412B30594F0093E6E3 /* AppDelegate.swift */; };
		C0B7DD442B30594F0093E6E3 /* SceneDelegate.swift in Sources */ = {isa = PBXBuildFile; fileRef = C0B7DD432B30594F0093E6E3 /* SceneDelegate.swift */; };
		C0B7DD462B30594F0093E6E3 /* Anasayfa.swift in Sources */ = {isa = PBXBuildFile; fileRef = C0B7DD452B30594F0093E6E3 /* Anasayfa.swift */; };
		C0B7DD492B30594F0093E6E3 /* Main.storyboard in Resources */ = {isa = PBXBuildFile; fileRef = C0B7DD472B30594F0093E6E3 /* Main.storyboard */; };
		C0B7DD4B2B3059500093E6E3 /* Assets.xcassets in Resources */ = {isa = PBXBuildFile; fileRef = C0B7DD4A2B3059500093E6E3 /* Assets.xcassets */; };
		C0B7DD4E2B3059500093E6E3 /* LaunchScreen.storyboard in Resources */ = {isa = PBXBuildFile; fileRef = C0B7DD4C2B3059500093E6E3 /* LaunchScreen.storyboard */; };
		C0B7DD5E2B305E180093E6E3 /* Preahvihear-Regular.ttf in Resources */ = {isa = PBXBuildFile; fileRef = C0B7DD5D2B305E180093E6E3 /* Preahvihear-Regular.ttf */; };
		C0B7DD602B3063260093E6E3 /* urunlerHucre.swift in Sources */ = {isa = PBXBuildFile; fileRef = C0B7DD5F2B3063260093E6E3 /* urunlerHucre.swift */; };
		C0B7DD622B3063CC0093E6E3 /* urunler.swift in Sources */ = {isa = PBXBuildFile; fileRef = C0B7DD612B3063CC0093E6E3 /* urunler.swift */; };
		C0FA2BD22B30726A0094ABB0 /* UrunlerDaoRepository.swift in Sources */ = {isa = PBXBuildFile; fileRef = C0FA2BD12B30726A0094ABB0 /* UrunlerDaoRepository.swift */; };
		C0FA2BD42B3072820094ABB0 /* AnasayfaViewModel.swift in Sources */ = {isa = PBXBuildFile; fileRef = C0FA2BD32B3072820094ABB0 /* AnasayfaViewModel.swift */; };
		C0FA2BE32B3072A90094ABB0 /* RxSwift in Frameworks */ = {isa = PBXBuildFile; productRef = C0FA2BE22B3072A90094ABB0 /* RxSwift */; };
/* End PBXBuildFile section */

/* Begin PBXFileReference section */
		C0B7DD3E2B30594F0093E6E3 /* getirappOdev.app */ = {isa = PBXFileReference; explicitFileType = wrapper.application; includeInIndex = 0; path = getirappOdev.app; sourceTree = BUILT_PRODUCTS_DIR; };
		C0B7DD412B30594F0093E6E3 /* AppDelegate.swift */ = {isa = PBXFileReference; lastKnownFileType = sourcecode.swift; path = AppDelegate.swift; sourceTree = "<group>"; };
		C0B7DD432B30594F0093E6E3 /* SceneDelegate.swift */ = {isa = PBXFileReference; lastKnownFileType = sourcecode.swift; path = SceneDelegate.swift; sourceTree = "<group>"; };
		C0B7DD452B30594F0093E6E3 /* Anasayfa.swift */ = {isa = PBXFileReference; lastKnownFileType = sourcecode.swift; path = Anasayfa.swift; sourceTree = "<group>"; };
		C0B7DD482B30594F0093E6E3 /* Base */ = {isa = PBXFileReference; lastKnownFileType = file.storyboard; name = Base; path = Base.lproj/Main.storyboard; sourceTree = "<group>"; };
		C0B7DD4A2B3059500093E6E3 /* Assets.xcassets */ = {isa = PBXFileReference; lastKnownFileType = folder.assetcatalog; path = Assets.xcassets; sourceTree = "<group>"; };
		C0B7DD4D2B3059500093E6E3 /* Base */ = {isa = PBXFileReference; lastKnownFileType = file.storyboard; name = Base; path = Base.lproj/LaunchScreen.storyboard; sourceTree = "<group>"; };
		C0B7DD4F2B3059500093E6E3 /* Info.plist */ = {isa = PBXFileReference; lastKnownFileType = text.plist.xml; path = Info.plist; sourceTree = "<group>"; };
		C0B7DD5D2B305E180093E6E3 /* Preahvihear-Regular.ttf */ = {isa = PBXFileReference; lastKnownFileType = file; path = "Preahvihear-Regular.ttf"; sourceTree = "<group>"; };
		C0B7DD5F2B3063260093E6E3 /* urunlerHucre.swift */ = {isa = PBXFileReference; lastKnownFileType = sourcecode.swift; path = urunlerHucre.swift; sourceTree = "<group>"; };
		C0B7DD612B3063CC0093E6E3 /* urunler.swift */ = {isa = PBXFileReference; lastKnownFileType = sourcecode.swift; path = urunler.swift; sourceTree = "<group>"; };
		C0FA2BD12B30726A0094ABB0 /* UrunlerDaoRepository.swift */ = {isa = PBXFileReference; lastKnownFileType = sourcecode.swift; path = UrunlerDaoRepository.swift; sourceTree = "<group>"; };
		C0FA2BD32B3072820094ABB0 /* AnasayfaViewModel.swift */ = {isa = PBXFileReference; lastKnownFileType = sourcecode.swift; path = AnasayfaViewModel.swift; sourceTree = "<group>"; };
/* End PBXFileReference section */

/* Begin PBXFrameworksBuildPhase section */
		C0B7DD3B2B30594F0093E6E3 /* Frameworks */ = {
			isa = PBXFrameworksBuildPhase;
			buildActionMask = 2147483647;
			files = (
				C0FA2BE32B3072A90094ABB0 /* RxSwift in Frameworks */,
			);
			runOnlyForDeploymentPostprocessing = 0;
		};
/* End PBXFrameworksBuildPhase section */

/* Begin PBXGroup section */
		C0B7DD352B30594F0093E6E3 = {
			isa = PBXGroup;
			children = (
				C0B7DD402B30594F0093E6E3 /* getirappOdev */,
				C0B7DD3F2B30594F0093E6E3 /* Products */,
			);
			sourceTree = "<group>";
		};
		C0B7DD3F2B30594F0093E6E3 /* Products */ = {
			isa = PBXGroup;
			children = (
				C0B7DD3E2B30594F0093E6E3 /* getirappOdev.app */,
			);
			name = Products;
			sourceTree = "<group>";
		};
		C0B7DD402B30594F0093E6E3 /* getirappOdev */ = {
			isa = PBXGroup;
			children = (
				C0B7DD412B30594F0093E6E3 /* AppDelegate.swift */,
				C0B7DD432B30594F0093E6E3 /* SceneDelegate.swift */,
				C0B7DD5C2B305E060093E6E3 /* font */,
				C0B7DD582B305BEA0093E6E3 /* data */,
				C0B7DD552B305B7D0093E6E3 /* ui */,
				C0B7DD472B30594F0093E6E3 /* Main.storyboard */,
				C0B7DD4A2B3059500093E6E3 /* Assets.xcassets */,
				C0B7DD4C2B3059500093E6E3 /* LaunchScreen.storyboard */,
				C0B7DD4F2B3059500093E6E3 /* Info.plist */,
			);
			path = getirappOdev;
			sourceTree = "<group>";
		};
		C0B7DD552B305B7D0093E6E3 /* ui */ = {
			isa = PBXGroup;
			children = (
				C0B7DD5B2B305C060093E6E3 /* viewmodel */,
				C0B7DD572B305B8B0093E6E3 /* collectionView */,
				C0B7DD562B305B830093E6E3 /* views */,
			);
			path = ui;
			sourceTree = "<group>";
		};
		C0B7DD562B305B830093E6E3 /* views */ = {
			isa = PBXGroup;
			children = (
				C0B7DD452B30594F0093E6E3 /* Anasayfa.swift */,
			);
			path = views;
			sourceTree = "<group>";
		};
		C0B7DD572B305B8B0093E6E3 /* collectionView */ = {
			isa = PBXGroup;
			children = (
				C0B7DD5F2B3063260093E6E3 /* urunlerHucre.swift */,
			);
			path = collectionView;
			sourceTree = "<group>";
		};
		C0B7DD582B305BEA0093E6E3 /* data */ = {
			isa = PBXGroup;
			children = (
				C0B7DD5A2B305BF90093E6E3 /* repo */,
				C0B7DD592B305BF10093E6E3 /* entity */,
			);
			path = data;
			sourceTree = "<group>";
		};
		C0B7DD592B305BF10093E6E3 /* entity */ = {
			isa = PBXGroup;
			children = (
				C0B7DD612B3063CC0093E6E3 /* urunler.swift */,
			);
			path = entity;
			sourceTree = "<group>";
		};
		C0B7DD5A2B305BF90093E6E3 /* repo */ = {
			isa = PBXGroup;
			children = (
				C0FA2BD12B30726A0094ABB0 /* UrunlerDaoRepository.swift */,
			);
			path = repo;
			sourceTree = "<group>";
		};
		C0B7DD5B2B305C060093E6E3 /* viewmodel */ = {
			isa = PBXGroup;
			children = (
				C0FA2BD32B3072820094ABB0 /* AnasayfaViewModel.swift */,
			);
			path = viewmodel;
			sourceTree = "<group>";
		};
		C0B7DD5C2B305E060093E6E3 /* font */ = {
			isa = PBXGroup;
			children = (
				C0B7DD5D2B305E180093E6E3 /* Preahvihear-Regular.ttf */,
			);
			path = font;
			sourceTree = "<group>";
		};
/* End PBXGroup section */

/* Begin PBXNativeTarget section */
		C0B7DD3D2B30594F0093E6E3 /* getirappOdev */ = {
			isa = PBXNativeTarget;
			buildConfigurationList = C0B7DD522B3059500093E6E3 /* Build configuration list for PBXNativeTarget "getirappOdev" */;
			buildPhases = (
				C0B7DD3A2B30594F0093E6E3 /* Sources */,
				C0B7DD3B2B30594F0093E6E3 /* Frameworks */,
				C0B7DD3C2B30594F0093E6E3 /* Resources */,
			);
			buildRules = (
			);
			dependencies = (
			);
			name = getirappOdev;
			packageProductDependencies = (
				C0FA2BE22B3072A90094ABB0 /* RxSwift */,
			);
			productName = getirappOdev;
			productReference = C0B7DD3E2B30594F0093E6E3 /* getirappOdev.app */;
			productType = "com.apple.product-type.application";
		};
/* End PBXNativeTarget section */

/* Begin PBXProject section */
		C0B7DD362B30594F0093E6E3 /* Project object */ = {
			isa = PBXProject;
			attributes = {
				BuildIndependentTargetsInParallel = 1;
				LastSwiftUpdateCheck = 1500;
				LastUpgradeCheck = 1500;
				TargetAttributes = {
					C0B7DD3D2B30594F0093E6E3 = {
						CreatedOnToolsVersion = 15.0.1;
					};
				};
			};
			buildConfigurationList = C0B7DD392B30594F0093E6E3 /* Build configuration list for PBXProject "getirappOdev" */;
			compatibilityVersion = "Xcode 14.0";
			developmentRegion = en;
			hasScannedForEncodings = 0;
			knownRegions = (
				en,
				Base,
			);
			mainGroup = C0B7DD352B30594F0093E6E3;
			packageReferences = (
				C0FA2BD52B3072A90094ABB0 /* XCRemoteSwiftPackageReference "RxSwift" */,
			);
			productRefGroup = C0B7DD3F2B30594F0093E6E3 /* Products */;
			projectDirPath = "";
			projectRoot = "";
			targets = (
				C0B7DD3D2B30594F0093E6E3 /* getirappOdev */,
			);
		};
/* End PBXProject section */

/* Begin PBXResourcesBuildPhase section */
		C0B7DD3C2B30594F0093E6E3 /* Resources */ = {
			isa = PBXResourcesBuildPhase;
			buildActionMask = 2147483647;
			files = (
				C0B7DD4E2B3059500093E6E3 /* LaunchScreen.storyboard in Resources */,
				C0B7DD5E2B305E180093E6E3 /* Preahvihear-Regular.ttf in Resources */,
				C0B7DD4B2B3059500093E6E3 /* Assets.xcassets in Resources */,
				C0B7DD492B30594F0093E6E3 /* Main.storyboard in Resources */,
			);
			runOnlyForDeploymentPostprocessing = 0;
		};
/* End PBXResourcesBuildPhase section */

/* Begin PBXSourcesBuildPhase section */
		C0B7DD3A2B30594F0093E6E3 /* Sources */ = {
			isa = PBXSourcesBuildPhase;
			buildActionMask = 2147483647;
			files = (
				C0FA2BD22B30726A0094ABB0 /* UrunlerDaoRepository.swift in Sources */,
				C0B7DD622B3063CC0093E6E3 /* urunler.swift in Sources */,
				C0FA2BD42B3072820094ABB0 /* AnasayfaViewModel.swift in Sources */,
				C0B7DD462B30594F0093E6E3 /* Anasayfa.swift in Sources */,
				C0B7DD602B3063260093E6E3 /* urunlerHucre.swift in Sources */,
				C0B7DD422B30594F0093E6E3 /* AppDelegate.swift in Sources */,
				C0B7DD442B30594F0093E6E3 /* SceneDelegate.swift in Sources */,
			);
			runOnlyForDeploymentPostprocessing = 0;
		};
/* End PBXSourcesBuildPhase section */

/* Begin PBXVariantGroup section */
		C0B7DD472B30594F0093E6E3 /* Main.storyboard */ = {
			isa = PBXVariantGroup;
			children = (
				C0B7DD482B30594F0093E6E3 /* Base */,
			);
			name = Main.storyboard;
			sourceTree = "<group>";
		};
		C0B7DD4C2B3059500093E6E3 /* LaunchScreen.storyboard */ = {
			isa = PBXVariantGroup;
			children = (
				C0B7DD4D2B3059500093E6E3 /* Base */,
			);
			name = LaunchScreen.storyboard;
			sourceTree = "<group>";
		};
/* End PBXVariantGroup section */

/* Begin XCBuildConfiguration section */
		C0B7DD502B3059500093E6E3 /* Debug */ = {
			isa = XCBuildConfiguration;
			buildSettings = {
				ALWAYS_SEARCH_USER_PATHS = NO;
				ASSETCATALOG_COMPILER_GENERATE_SWIFT_ASSET_SYMBOL_EXTENSIONS = YES;
				CLANG_ANALYZER_NONNULL = YES;
				CLANG_ANALYZER_NUMBER_OBJECT_CONVERSION = YES_AGGRESSIVE;
				CLANG_CXX_LANGUAGE_STANDARD = "gnu++20";
				CLANG_ENABLE_MODULES = YES;
				CLANG_ENABLE_OBJC_ARC = YES;
				CLANG_ENABLE_OBJC_WEAK = YES;
				CLANG_WARN_BLOCK_CAPTURE_AUTORELEASING = YES;
				CLANG_WARN_BOOL_CONVERSION = YES;
				CLANG_WARN_COMMA = YES;
				CLANG_WARN_CONSTANT_CONVERSION = YES;
				CLANG_WARN_DEPRECATED_OBJC_IMPLEMENTATIONS = YES;
				CLANG_WARN_DIRECT_OBJC_ISA_USAGE = YES_ERROR;
				CLANG_WARN_DOCUMENTATION_COMMENTS = YES;
				CLANG_WARN_EMPTY_BODY = YES;
				CLANG_WARN_ENUM_CONVERSION = YES;
				CLANG_WARN_INFINITE_RECURSION = YES;
				CLANG_WARN_INT_CONVERSION = YES;
				CLANG_WARN_NON_LITERAL_NULL_CONVERSION = YES;
				CLANG_WARN_OBJC_IMPLICIT_RETAIN_SELF = YES;
				CLANG_WARN_OBJC_LITERAL_CONVERSION = YES;
				CLANG_WARN_OBJC_ROOT_CLASS = YES_ERROR;
				CLANG_WARN_QUOTED_INCLUDE_IN_FRAMEWORK_HEADER = YES;
				CLANG_WARN_RANGE_LOOP_ANALYSIS = YES;
				CLANG_WARN_STRICT_PROTOTYPES = YES;
				CLANG_WARN_SUSPICIOUS_MOVE = YES;
				CLANG_WARN_UNGUARDED_AVAILABILITY = YES_AGGRESSIVE;
				CLANG_WARN_UNREACHABLE_CODE = YES;
				CLANG_WARN__DUPLICATE_METHOD_MATCH = YES;
				COPY_PHASE_STRIP = NO;
				DEBUG_INFORMATION_FORMAT = dwarf;
				ENABLE_STRICT_OBJC_MSGSEND = YES;
				ENABLE_TESTABILITY = YES;
				ENABLE_USER_SCRIPT_SANDBOXING = YES;
				GCC_C_LANGUAGE_STANDARD = gnu17;
				GCC_DYNAMIC_NO_PIC = NO;
				GCC_NO_COMMON_BLOCKS = YES;
				GCC_OPTIMIZATION_LEVEL = 0;
				GCC_PREPROCESSOR_DEFINITIONS = (
					"DEBUG=1",
					"$(inherited)",
				);
				GCC_WARN_64_TO_32_BIT_CONVERSION = YES;
				GCC_WARN_ABOUT_RETURN_TYPE = YES_ERROR;
				GCC_WARN_UNDECLARED_SELECTOR = YES;
				GCC_WARN_UNINITIALIZED_AUTOS = YES_AGGRESSIVE;
				GCC_WARN_UNUSED_FUNCTION = YES;
				GCC_WARN_UNUSED_VARIABLE = YES;
				IPHONEOS_DEPLOYMENT_TARGET = 17.0;
				LOCALIZATION_PREFERS_STRING_CATALOGS = YES;
				MTL_ENABLE_DEBUG_INFO = INCLUDE_SOURCE;
				MTL_FAST_MATH = YES;
				ONLY_ACTIVE_ARCH = YES;
				SDKROOT = iphoneos;
				SWIFT_ACTIVE_COMPILATION_CONDITIONS = "DEBUG $(inherited)";
				SWIFT_OPTIMIZATION_LEVEL = "-Onone";
			};
			name = Debug;
		};
		C0B7DD512B3059500093E6E3 /* Release */ = {
			isa = XCBuildConfiguration;
			buildSettings = {
				ALWAYS_SEARCH_USER_PATHS = NO;
				ASSETCATALOG_COMPILER_GENERATE_SWIFT_ASSET_SYMBOL_EXTENSIONS = YES;
				CLANG_ANALYZER_NONNULL = YES;
				CLANG_ANALYZER_NUMBER_OBJECT_CONVERSION = YES_AGGRESSIVE;
				CLANG_CXX_LANGUAGE_STANDARD = "gnu++20";
				CLANG_ENABLE_MODULES = YES;
				CLANG_ENABLE_OBJC_ARC = YES;
				CLANG_ENABLE_OBJC_WEAK = YES;
				CLANG_WARN_BLOCK_CAPTURE_AUTORELEASING = YES;
				CLANG_WARN_BOOL_CONVERSION = YES;
				CLANG_WARN_COMMA = YES;
				CLANG_WARN_CONSTANT_CONVERSION = YES;
				CLANG_WARN_DEPRECATED_OBJC_IMPLEMENTATIONS = YES;
				CLANG_WARN_DIRECT_OBJC_ISA_USAGE = YES_ERROR;
				CLANG_WARN_DOCUMENTATION_COMMENTS = YES;
				CLANG_WARN_EMPTY_BODY = YES;
				CLANG_WARN_ENUM_CONVERSION = YES;
				CLANG_WARN_INFINITE_RECURSION = YES;
				CLANG_WARN_INT_CONVERSION = YES;
				CLANG_WARN_NON_LITERAL_NULL_CONVERSION = YES;
				CLANG_WARN_OBJC_IMPLICIT_RETAIN_SELF = YES;
				CLANG_WARN_OBJC_LITERAL_CONVERSION = YES;
				CLANG_WARN_OBJC_ROOT_CLASS = YES_ERROR;
				CLANG_WARN_QUOTED_INCLUDE_IN_FRAMEWORK_HEADER = YES;
				CLANG_WARN_RANGE_LOOP_ANALYSIS = YES;
				CLANG_WARN_STRICT_PROTOTYPES = YES;
				CLANG_WARN_SUSPICIOUS_MOVE = YES;
				CLANG_WARN_UNGUARDED_AVAILABILITY = YES_AGGRESSIVE;
				CLANG_WARN_UNREACHABLE_CODE = YES;
				CLANG_WARN__DUPLICATE_METHOD_MATCH = YES;
				COPY_PHASE_STRIP = NO;
				DEBUG_INFORMATION_FORMAT = "dwarf-with-dsym";
				ENABLE_NS_ASSERTIONS = NO;
				ENABLE_STRICT_OBJC_MSGSEND = YES;
				ENABLE_USER_SCRIPT_SANDBOXING = YES;
				GCC_C_LANGUAGE_STANDARD = gnu17;
				GCC_NO_COMMON_BLOCKS = YES;
				GCC_WARN_64_TO_32_BIT_CONVERSION = YES;
				GCC_WARN_ABOUT_RETURN_TYPE = YES_ERROR;
				GCC_WARN_UNDECLARED_SELECTOR = YES;
				GCC_WARN_UNINITIALIZED_AUTOS = YES_AGGRESSIVE;
				GCC_WARN_UNUSED_FUNCTION = YES;
				GCC_WARN_UNUSED_VARIABLE = YES;
				IPHONEOS_DEPLOYMENT_TARGET = 17.0;
				LOCALIZATION_PREFERS_STRING_CATALOGS = YES;
				MTL_ENABLE_DEBUG_INFO = NO;
				MTL_FAST_MATH = YES;
				SDKROOT = iphoneos;
				SWIFT_COMPILATION_MODE = wholemodule;
				VALIDATE_PRODUCT = YES;
			};
			name = Release;
		};
		C0B7DD532B3059500093E6E3 /* Debug */ = {
			isa = XCBuildConfiguration;
			buildSettings = {
				ASSETCATALOG_COMPILER_APPICON_NAME = AppIcon;
				ASSETCATALOG_COMPILER_GLOBAL_ACCENT_COLOR_NAME = AccentColor;
				CODE_SIGN_STYLE = Automatic;
				CURRENT_PROJECT_VERSION = 1;
				DEVELOPMENT_TEAM = 7UAX3JG94G;
				GENERATE_INFOPLIST_FILE = YES;
				INFOPLIST_FILE = getirappOdev/Info.plist;
				INFOPLIST_KEY_UIApplicationSupportsIndirectInputEvents = YES;
				INFOPLIST_KEY_UILaunchStoryboardName = LaunchScreen;
				INFOPLIST_KEY_UIMainStoryboardFile = Main;
				INFOPLIST_KEY_UISupportedInterfaceOrientations_iPad = "UIInterfaceOrientationPortrait UIInterfaceOrientationPortraitUpsideDown UIInterfaceOrientationLandscapeLeft UIInterfaceOrientationLandscapeRight";
				INFOPLIST_KEY_UISupportedInterfaceOrientations_iPhone = "UIInterfaceOrientationPortrait UIInterfaceOrientationLandscapeLeft UIInterfaceOrientationLandscapeRight";
				LD_RUNPATH_SEARCH_PATHS = (
					"$(inherited)",
					"@executable_path/Frameworks",
				);
				MARKETING_VERSION = 1.0;
				PRODUCT_BUNDLE_IDENTIFIER = berk.getirappOdev;
				PRODUCT_NAME = "$(TARGET_NAME)";
				SWIFT_EMIT_LOC_STRINGS = YES;
				SWIFT_VERSION = 5.0;
				TARGETED_DEVICE_FAMILY = "1,2";
			};
			name = Debug;
		};
		C0B7DD542B3059500093E6E3 /* Release */ = {
			isa = XCBuildConfiguration;
			buildSettings = {
				ASSETCATALOG_COMPILER_APPICON_NAME = AppIcon;
				ASSETCATALOG_COMPILER_GLOBAL_ACCENT_COLOR_NAME = AccentColor;
				CODE_SIGN_STYLE = Automatic;
				CURRENT_PROJECT_VERSION = 1;
				DEVELOPMENT_TEAM = 7UAX3JG94G;
				GENERATE_INFOPLIST_FILE = YES;
				INFOPLIST_FILE = getirappOdev/Info.plist;
				INFOPLIST_KEY_UIApplicationSupportsIndirectInputEvents = YES;
				INFOPLIST_KEY_UILaunchStoryboardName = LaunchScreen;
				INFOPLIST_KEY_UIMainStoryboardFile = Main;
				INFOPLIST_KEY_UISupportedInterfaceOrientations_iPad = "UIInterfaceOrientationPortrait UIInterfaceOrientationPortraitUpsideDown UIInterfaceOrientationLandscapeLeft UIInterfaceOrientationLandscapeRight";
				INFOPLIST_KEY_UISupportedInterfaceOrientations_iPhone = "UIInterfaceOrientationPortrait UIInterfaceOrientationLandscapeLeft UIInterfaceOrientationLandscapeRight";
				LD_RUNPATH_SEARCH_PATHS = (
					"$(inherited)",
					"@executable_path/Frameworks",
				);
				MARKETING_VERSION = 1.0;
				PRODUCT_BUNDLE_IDENTIFIER = berk.getirappOdev;
				PRODUCT_NAME = "$(TARGET_NAME)";
				SWIFT_EMIT_LOC_STRINGS = YES;
				SWIFT_VERSION = 5.0;
				TARGETED_DEVICE_FAMILY = "1,2";
			};
			name = Release;
		};
/* End XCBuildConfiguration section */

/* Begin XCConfigurationList section */
		C0B7DD392B30594F0093E6E3 /* Build configuration list for PBXProject "getirappOdev" */ = {
			isa = XCConfigurationList;
			buildConfigurations = (
				C0B7DD502B3059500093E6E3 /* Debug */,
				C0B7DD512B3059500093E6E3 /* Release */,
			);
			defaultConfigurationIsVisible = 0;
			defaultConfigurationName = Release;
		};
		C0B7DD522B3059500093E6E3 /* Build configuration list for PBXNativeTarget "getirappOdev" */ = {
			isa = XCConfigurationList;
			buildConfigurations = (
				C0B7DD532B3059500093E6E3 /* Debug */,
				C0B7DD542B3059500093E6E3 /* Release */,
			);
			defaultConfigurationIsVisible = 0;
			defaultConfigurationName = Release;
		};
/* End XCConfigurationList section */

/* Begin XCRemoteSwiftPackageReference section */
		C0FA2BD52B3072A90094ABB0 /* XCRemoteSwiftPackageReference "RxSwift" */ = {
			isa = XCRemoteSwiftPackageReference;
			repositoryURL = "https://github.com/ReactiveX/RxSwift.git";
			requirement = {
				kind = upToNextMajorVersion;
				minimumVersion = 6.6.0;
			};
		};
/* End XCRemoteSwiftPackageReference section */

/* Begin XCSwiftPackageProductDependency section */
		C0FA2BE22B3072A90094ABB0 /* RxSwift */ = {
			isa = XCSwiftPackageProductDependency;
			package = C0FA2BD52B3072A90094ABB0 /* XCRemoteSwiftPackageReference "RxSwift" */;
			productName = RxSwift;
		};
/* End XCSwiftPackageProductDependency section */
	};
	rootObject = C0B7DD362B30594F0093E6E3 /* Project object */;
}
